{
  "version": 4,
  "terraform_version": "1.10.2",
  "serial": 244,
  "lineage": "0add552f-3b0b-1046-bf0e-4029a97d68f8",
  "outputs": {},
  "resources": [
    {
      "mode": "managed",
      "type": "github_issue_label",
      "name": "working_time_labels",
      "provider": "provider[\"registry.terraform.io/integrations/github\"]",
      "instances": [
        {
          "index_key": "github-config-120m",
          "schema_version": 0,
          "attributes": {
            "color": "f39800",
            "description": "",
            "etag": "W/\"02e30c3195f8152e7ab439e2c92ab7c0d942061940342155ea45a7caf72d44e4\"",
            "id": "github-config:120m",
            "name": "120m",
            "repository": "github-config",
            "url": "https://api.github.com/repos/go-zen-chu/github-config/labels/120m"
          },
          "sensitive_attributes": [],
          "private": "bnVsbA=="
        },
        {
          "index_key": "github-config-15m",
          "schema_version": 0,
          "attributes": {
            "color": "fffcdb",
            "description": "",
            "etag": "W/\"91f82885c584558eb6c98e4231c55b560703e923f54f27768dc800a2483a4bc5\"",
            "id": "github-config:15m",
            "name": "15m",
            "repository": "github-config",
            "url": "https://api.github.com/repos/go-zen-chu/github-config/labels/15m"
          },
          "sensitive_attributes": [],
          "private": "bnVsbA=="
        },
        {
          "index_key": "github-config-30m",
          "schema_version": 0,
          "attributes": {
            "color": "d4ecea",
            "description": "",
            "etag": "W/\"66a5b06d1e12905111868968f5e237895d565ae5bff5d697b89d62aa08155156\"",
            "id": "github-config:30m",
            "name": "30m",
            "repository": "github-config",
            "url": "https://api.github.com/repos/go-zen-chu/github-config/labels/30m"
          },
          "sensitive_attributes": [],
          "private": "bnVsbA=="
        },
        {
          "index_key": "github-config-45m",
          "schema_version": 0,
          "attributes": {
            "color": "ae7a26",
            "description": "",
            "etag": "W/\"5ce0afeeb4a45a2ec29b0a3777043b873d5cabe5c6039bc3cdfd04d41e510199\"",
            "id": "github-config:45m",
            "name": "45m",
            "repository": "github-config",
            "url": "https://api.github.com/repos/go-zen-chu/github-config/labels/45m"
          },
          "sensitive_attributes": [],
          "private": "bnVsbA=="
        },
        {
          "index_key": "github-config-60m",
          "schema_version": 0,
          "attributes": {
            "color": "0068b7",
            "description": "",
            "etag": "W/\"927f696b6a3fb4f6afda9d377e139953b3ee92770189c5a8b8a3702ccd1d68f5\"",
            "id": "github-config:60m",
            "name": "60m",
            "repository": "github-config",
            "url": "https://api.github.com/repos/go-zen-chu/github-config/labels/60m"
          },
          "sensitive_attributes": [],
          "private": "bnVsbA=="
        },
        {
          "index_key": "github-config-90m",
          "schema_version": 0,
          "attributes": {
            "color": "914487",
            "description": "",
            "etag": "W/\"2fe5a4c84fa7fbe7bc1148ce161908211e758fbed339ac017d9dedd3d1baadcd\"",
            "id": "github-config:90m",
            "name": "90m",
            "repository": "github-config",
            "url": "https://api.github.com/repos/go-zen-chu/github-config/labels/90m"
          },
          "sensitive_attributes": [],
          "private": "bnVsbA=="
        },
        {
          "index_key": "tasks-120m",
          "schema_version": 0,
          "attributes": {
            "color": "f39800",
            "description": "",
            "etag": "W/\"886808fd4746a294687210ac9814832977a1dfa6e51f9e017e3bdf03d2c086ad\"",
            "id": "tasks:120m",
            "name": "120m",
            "repository": "tasks",
            "url": "https://api.github.com/repos/go-zen-chu/tasks/labels/120m"
          },
          "sensitive_attributes": [],
          "private": "bnVsbA=="
        },
        {
          "index_key": "tasks-15m",
          "schema_version": 0,
          "attributes": {
            "color": "fffcdb",
            "description": "",
            "etag": "W/\"873f1374d5036e008a0d353b80ef1eceb969a0b482a7d81579aebccc21aca6fb\"",
            "id": "tasks:15m",
            "name": "15m",
            "repository": "tasks",
            "url": "https://api.github.com/repos/go-zen-chu/tasks/labels/15m"
          },
          "sensitive_attributes": [],
          "private": "bnVsbA=="
        },
        {
          "index_key": "tasks-30m",
          "schema_version": 0,
          "attributes": {
            "color": "d4ecea",
            "description": "",
            "etag": "W/\"795517b231d441e9c0fe8e7c6368f9a2c20b6a3a87d5a7e89b78f4996c5a1fc6\"",
            "id": "tasks:30m",
            "name": "30m",
            "repository": "tasks",
            "url": "https://api.github.com/repos/go-zen-chu/tasks/labels/30m"
          },
          "sensitive_attributes": [],
          "private": "bnVsbA=="
        },
        {
          "index_key": "tasks-45m",
          "schema_version": 0,
          "attributes": {
            "color": "ae7a26",
            "description": "",
            "etag": "W/\"15d76c836d0713b69375d186d8cadd1f5ca24dec50eba271487eb3ba39041bab\"",
            "id": "tasks:45m",
            "name": "45m",
            "repository": "tasks",
            "url": "https://api.github.com/repos/go-zen-chu/tasks/labels/45m"
          },
          "sensitive_attributes": [],
          "private": "bnVsbA=="
        },
        {
          "index_key": "tasks-60m",
          "schema_version": 0,
          "attributes": {
            "color": "0068b7",
            "description": "",
            "etag": "W/\"bc79ad183e53a0222755b3de99769215531ff3efe2a214aa08b3eef12a869ff4\"",
            "id": "tasks:60m",
            "name": "60m",
            "repository": "tasks",
            "url": "https://api.github.com/repos/go-zen-chu/tasks/labels/60m"
          },
          "sensitive_attributes": [],
          "private": "bnVsbA=="
        },
        {
          "index_key": "tasks-90m",
          "schema_version": 0,
          "attributes": {
            "color": "914487",
            "description": "",
            "etag": "W/\"291ee3b56b06c52bca17a3e957f058b29b768dafee96253bc750f718edce4b71\"",
            "id": "tasks:90m",
            "name": "90m",
            "repository": "tasks",
            "url": "https://api.github.com/repos/go-zen-chu/tasks/labels/90m"
          },
          "sensitive_attributes": [],
          "private": "bnVsbA=="
        }
      ]
    },
    {
      "mode": "managed",
      "type": "github_issue_label",
      "name": "year_month_definition_labels",
      "provider": "provider[\"registry.terraform.io/integrations/github\"]",
      "instances": [
        {
          "index_key": "tasks-2023/01",
          "schema_version": 0,
          "attributes": {
            "color": "c7402c",
            "description": "",
            "etag": "W/\"b52f59b4e3b3f1d634709888a20536af4b7b04ac95c88b54b0526d0f3247df9c\"",
            "id": "tasks:2023/01",
            "name": "2023/01",
            "repository": "tasks",
            "url": "https://api.github.com/repos/go-zen-chu/tasks/labels/2023/01"
          },
          "sensitive_attributes": [],
          "private": "bnVsbA=="
        },
        {
          "index_key": "tasks-2023/02",
          "schema_version": 0,
          "attributes": {
            "color": "5e7db9",
            "description": "",
            "etag": "W/\"2e211995e119e198f4da75d75b7ea54b1f6c5b9d4cc3ee9bfc7a3123948a5724\"",
            "id": "tasks:2023/02",
            "name": "2023/02",
            "repository": "tasks",
            "url": "https://api.github.com/repos/go-zen-chu/tasks/labels/2023/02"
          },
          "sensitive_attributes": [],
          "private": "bnVsbA=="
        },
        {
          "index_key": "tasks-2023/03",
          "schema_version": 0,
          "attributes": {
            "color": "e8abb9",
            "description": "",
            "etag": "W/\"b364104f307e9230a17f3297ad5b98de84edcade187228dd33ad3905b123403b\"",
            "id": "tasks:2023/03",
            "name": "2023/03",
            "repository": "tasks",
            "url": "https://api.github.com/repos/go-zen-chu/tasks/labels/2023/03"
          },
          "sensitive_attributes": [],
          "private": "bnVsbA=="
        },
        {
          "index_key": "tasks-2023/04",
          "schema_version": 0,
          "attributes": {
            "color": "9ac244",
            "description": "",
            "etag": "W/\"450e8c371d062831160438a23f91838c7e1700c4fd1a1d7f5a97b672e1ea1861\"",
            "id": "tasks:2023/04",
            "name": "2023/04",
            "repository": "tasks",
            "url": "https://api.github.com/repos/go-zen-chu/tasks/labels/2023/04"
          },
          "sensitive_attributes": [],
          "private": "bnVsbA=="
        },
        {
          "index_key": "tasks-2023/05",
          "schema_version": 0,
          "attributes": {
            "color": "49a099",
            "description": "",
            "etag": "W/\"63567774197d8027be760941a9ded1be7774a297851912da10943e9ad129f0a5\"",
            "id": "tasks:2023/05",
            "name": "2023/05",
            "repository": "tasks",
            "url": "https://api.github.com/repos/go-zen-chu/tasks/labels/2023/05"
          },
          "sensitive_attributes": [],
          "private": "bnVsbA=="
        },
        {
          "index_key": "tasks-2023/06",
          "schema_version": 0,
          "attributes": {
            "color": "8e4993",
            "description": "",
            "etag": "W/\"cb814d7f17903d2c31968acb31e1918b2071d35e325350c346a0fa0762577f3a\"",
            "id": "tasks:2023/06",
            "name": "2023/06",
            "repository": "tasks",
            "url": "https://api.github.com/repos/go-zen-chu/tasks/labels/2023/06"
          },
          "sensitive_attributes": [],
          "private": "bnVsbA=="
        },
        {
          "index_key": "tasks-2023/07",
          "schema_version": 0,
          "attributes": {
            "color": "4895d0",
            "description": "",
            "etag": "W/\"7e6eb0dcb841f55370689d2755f6351c42bb1cdbbb46c949571792e1cbf103d2\"",
            "id": "tasks:2023/07",
            "name": "2023/07",
            "repository": "tasks",
            "url": "https://api.github.com/repos/go-zen-chu/tasks/labels/2023/07"
          },
          "sensitive_attributes": [],
          "private": "bnVsbA=="
        },
        {
          "index_key": "tasks-2023/08",
          "schema_version": 0,
          "attributes": {
            "color": "d68838",
            "description": "",
            "etag": "W/\"b24c1064691a0de3cdd74242d821dfbc1afb6b69ff511d51c38fee5867ccad47\"",
            "id": "tasks:2023/08",
            "name": "2023/08",
            "repository": "tasks",
            "url": "https://api.github.com/repos/go-zen-chu/tasks/labels/2023/08"
          },
          "sensitive_attributes": [],
          "private": "bnVsbA=="
        },
        {
          "index_key": "tasks-2023/09",
          "schema_version": 0,
          "attributes": {
            "color": "3c5929",
            "description": "",
            "etag": "W/\"d53dd40e9e19c5fba64e32bc40679068ef5010b030104b4f6f3036a536f4b212\"",
            "id": "tasks:2023/09",
            "name": "2023/09",
            "repository": "tasks",
            "url": "https://api.github.com/repos/go-zen-chu/tasks/labels/2023/09"
          },
          "sensitive_attributes": [],
          "private": "bnVsbA=="
        },
        {
          "index_key": "tasks-2023/10",
          "schema_version": 0,
          "attributes": {
            "color": "e0b73e",
            "description": "",
            "etag": "W/\"51edf3245bc521084187fcc7785f79959dc63cebfcbac0c2aba3701f6a185640\"",
            "id": "tasks:2023/10",
            "name": "2023/10",
            "repository": "tasks",
            "url": "https://api.github.com/repos/go-zen-chu/tasks/labels/2023/10"
          },
          "sensitive_attributes": [],
          "private": "bnVsbA=="
        },
        {
          "index_key": "tasks-2023/11",
          "schema_version": 0,
          "attributes": {
            "color": "763724",
            "description": "",
            "etag": "W/\"b1bf16901bc907368e649bf31b403bf622e2e3212f5dbcea55f11fcf3c79aeeb\"",
            "id": "tasks:2023/11",
            "name": "2023/11",
            "repository": "tasks",
            "url": "https://api.github.com/repos/go-zen-chu/tasks/labels/2023/11"
          },
          "sensitive_attributes": [],
          "private": "bnVsbA=="
        },
        {
          "index_key": "tasks-2023/12",
          "schema_version": 0,
          "attributes": {
            "color": "192983",
            "description": "",
            "etag": "W/\"5548c4f1f284643fd50001cb1efc47aaa07acdb4211b2a3e2bbecf29bdd5d451\"",
            "id": "tasks:2023/12",
            "name": "2023/12",
            "repository": "tasks",
            "url": "https://api.github.com/repos/go-zen-chu/tasks/labels/2023/12"
          },
          "sensitive_attributes": [],
          "private": "bnVsbA=="
        },
        {
          "index_key": "tasks-2024/01",
          "schema_version": 0,
          "attributes": {
            "color": "c7402c",
            "description": "",
            "etag": "W/\"35c72e025c97c9265e401a85e64fc57a21a74549dc1bf52ce9340baa60b98fdf\"",
            "id": "tasks:2024/01",
            "name": "2024/01",
            "repository": "tasks",
            "url": "https://api.github.com/repos/go-zen-chu/tasks/labels/2024/01"
          },
          "sensitive_attributes": [],
          "private": "bnVsbA=="
        },
        {
          "index_key": "tasks-2024/02",
          "schema_version": 0,
          "attributes": {
            "color": "5e7db9",
            "description": "",
            "etag": "W/\"14a8106200b872f85812fa054b1abb7add1bbe00927e9fd3bc5c55412e55c1c1\"",
            "id": "tasks:2024/02",
            "name": "2024/02",
            "repository": "tasks",
            "url": "https://api.github.com/repos/go-zen-chu/tasks/labels/2024/02"
          },
          "sensitive_attributes": [],
          "private": "bnVsbA=="
        },
        {
          "index_key": "tasks-2024/03",
          "schema_version": 0,
          "attributes": {
            "color": "e8abb9",
            "description": "",
            "etag": "W/\"5a0c25d45b99fbb60ed56d709537eaec2c0eb82e9f3ecde9d12e13bac9413851\"",
            "id": "tasks:2024/03",
            "name": "2024/03",
            "repository": "tasks",
            "url": "https://api.github.com/repos/go-zen-chu/tasks/labels/2024/03"
          },
          "sensitive_attributes": [],
          "private": "bnVsbA=="
        },
        {
          "index_key": "tasks-2024/04",
          "schema_version": 0,
          "attributes": {
            "color": "9ac244",
            "description": "",
            "etag": "W/\"22b8ca0c4913e02a848c736c5dc1e5fefb28ba465aab7b9d9dcadfc98debb48b\"",
            "id": "tasks:2024/04",
            "name": "2024/04",
            "repository": "tasks",
            "url": "https://api.github.com/repos/go-zen-chu/tasks/labels/2024/04"
          },
          "sensitive_attributes": [],
          "private": "bnVsbA=="
        },
        {
          "index_key": "tasks-2024/05",
          "schema_version": 0,
          "attributes": {
            "color": "49a099",
            "description": "",
            "etag": "W/\"35355cefe4306acc2ce594c132f8c9a7c7b350864ff2adbc5f39f534b942729e\"",
            "id": "tasks:2024/05",
            "name": "2024/05",
            "repository": "tasks",
            "url": "https://api.github.com/repos/go-zen-chu/tasks/labels/2024/05"
          },
          "sensitive_attributes": [],
          "private": "bnVsbA=="
        },
        {
          "index_key": "tasks-2024/06",
          "schema_version": 0,
          "attributes": {
            "color": "8e4993",
            "description": "",
            "etag": "W/\"692dfccf46b6384b9c7515278f4a7e7280e003487788ecd72c5c6ab50e63c917\"",
            "id": "tasks:2024/06",
            "name": "2024/06",
            "repository": "tasks",
            "url": "https://api.github.com/repos/go-zen-chu/tasks/labels/2024/06"
          },
          "sensitive_attributes": [],
          "private": "bnVsbA=="
        },
        {
          "index_key": "tasks-2024/07",
          "schema_version": 0,
          "attributes": {
            "color": "4895d0",
            "description": "",
            "etag": "W/\"34755f87e996388fceb251c5bb12c2b37fa1147bf793f16ee973adf81910ff2b\"",
            "id": "tasks:2024/07",
            "name": "2024/07",
            "repository": "tasks",
            "url": "https://api.github.com/repos/go-zen-chu/tasks/labels/2024/07"
          },
          "sensitive_attributes": [],
          "private": "bnVsbA=="
        },
        {
          "index_key": "tasks-2024/08",
          "schema_version": 0,
          "attributes": {
            "color": "d68838",
            "description": "",
            "etag": "W/\"20963398cb4e9e74680607820f4f3f85cd3950e89ab0b68353d2a66dfde6651a\"",
            "id": "tasks:2024/08",
            "name": "2024/08",
            "repository": "tasks",
            "url": "https://api.github.com/repos/go-zen-chu/tasks/labels/2024/08"
          },
          "sensitive_attributes": [],
          "private": "bnVsbA=="
        },
        {
          "index_key": "tasks-2024/09",
          "schema_version": 0,
          "attributes": {
            "color": "3c5929",
            "description": "",
            "etag": "W/\"b925a6ea4e3e8099ce8a12627dce3bd5ffb967ddbbd4dd4ed92169e81c9007b1\"",
            "id": "tasks:2024/09",
            "name": "2024/09",
            "repository": "tasks",
            "url": "https://api.github.com/repos/go-zen-chu/tasks/labels/2024/09"
          },
          "sensitive_attributes": [],
          "private": "bnVsbA=="
        },
        {
          "index_key": "tasks-2024/10",
          "schema_version": 0,
          "attributes": {
            "color": "e0b73e",
            "description": "",
            "etag": "W/\"47578998bb6ff4d189e4003701fb846ba9f010f2f4e152e0f7ddc1b0048fb241\"",
            "id": "tasks:2024/10",
            "name": "2024/10",
            "repository": "tasks",
            "url": "https://api.github.com/repos/go-zen-chu/tasks/labels/2024/10"
          },
          "sensitive_attributes": [],
          "private": "bnVsbA=="
        },
        {
          "index_key": "tasks-2024/11",
          "schema_version": 0,
          "attributes": {
            "color": "763724",
            "description": "",
            "etag": "W/\"09b9aa490fdd1adff29856ecd2375836715f7a59e8c9b199dcafaf2e3c536d38\"",
            "id": "tasks:2024/11",
            "name": "2024/11",
            "repository": "tasks",
            "url": "https://api.github.com/repos/go-zen-chu/tasks/labels/2024/11"
          },
          "sensitive_attributes": [],
          "private": "bnVsbA=="
        },
        {
          "index_key": "tasks-2024/12",
          "schema_version": 0,
          "attributes": {
            "color": "192983",
            "description": "",
            "etag": "W/\"3c7c557bfff5837df1ac961c1014ceafde417f68f392038488424bee75a5ecec\"",
            "id": "tasks:2024/12",
            "name": "2024/12",
            "repository": "tasks",
            "url": "https://api.github.com/repos/go-zen-chu/tasks/labels/2024/12"
          },
          "sensitive_attributes": [],
          "private": "bnVsbA=="
        },
        {
          "index_key": "tasks-2025/01",
          "schema_version": 0,
          "attributes": {
            "color": "c7402c",
            "description": "",
            "etag": "W/\"450ade017a86fe5d5642dbcb1fee615855b4ea0c018897d74e09ba81d12bcd8c\"",
            "id": "tasks:2025/01",
            "name": "2025/01",
            "repository": "tasks",
            "url": "https://api.github.com/repos/go-zen-chu/tasks/labels/2025/01"
          },
          "sensitive_attributes": [],
          "private": "bnVsbA=="
        },
        {
          "index_key": "tasks-2025/02",
          "schema_version": 0,
          "attributes": {
            "color": "5e7db9",
            "description": "",
            "etag": "W/\"23bcab63cfd86053867177a91f89399e90c7a0cdda68af4faee81416c3242ec2\"",
            "id": "tasks:2025/02",
            "name": "2025/02",
            "repository": "tasks",
            "url": "https://api.github.com/repos/go-zen-chu/tasks/labels/2025/02"
          },
          "sensitive_attributes": [],
          "private": "bnVsbA=="
        },
        {
          "index_key": "tasks-2025/03",
          "schema_version": 0,
          "attributes": {
            "color": "e8abb9",
            "description": "",
            "etag": "W/\"ef1765cc12a1ab50613d00767dc16535750b896feae82220a05371b0f088ae47\"",
            "id": "tasks:2025/03",
            "name": "2025/03",
            "repository": "tasks",
            "url": "https://api.github.com/repos/go-zen-chu/tasks/labels/2025/03"
          },
          "sensitive_attributes": [],
          "private": "bnVsbA=="
        },
        {
          "index_key": "tasks-2025/04",
          "schema_version": 0,
          "attributes": {
            "color": "9ac244",
            "description": "",
            "etag": "W/\"99ae5aa84b59761943d7248c4f9a476b8b5140c0ef4b111a6a97004491bef3c7\"",
            "id": "tasks:2025/04",
            "name": "2025/04",
            "repository": "tasks",
            "url": "https://api.github.com/repos/go-zen-chu/tasks/labels/2025/04"
          },
          "sensitive_attributes": [],
          "private": "bnVsbA=="
        },
        {
          "index_key": "tasks-2025/05",
          "schema_version": 0,
          "attributes": {
            "color": "49a099",
            "description": "",
            "etag": "W/\"b53afa5044065f370b4ecebaa5d75e6606e3d2f7f63d2f419e5b7d01431426fc\"",
            "id": "tasks:2025/05",
            "name": "2025/05",
            "repository": "tasks",
            "url": "https://api.github.com/repos/go-zen-chu/tasks/labels/2025/05"
          },
          "sensitive_attributes": [],
          "private": "bnVsbA=="
        },
        {
          "index_key": "tasks-2025/06",
          "schema_version": 0,
          "attributes": {
            "color": "8e4993",
            "description": "",
            "etag": "W/\"ff04f6dd8e1062655397c08b0eba1615620d7f372ed077a975e3e6b1e1268935\"",
            "id": "tasks:2025/06",
            "name": "2025/06",
            "repository": "tasks",
            "url": "https://api.github.com/repos/go-zen-chu/tasks/labels/2025/06"
          },
          "sensitive_attributes": [],
          "private": "bnVsbA=="
        },
        {
          "index_key": "tasks-2025/07",
          "schema_version": 0,
          "attributes": {
            "color": "4895d0",
            "description": "",
            "etag": "W/\"3f47b87ba0a66cd0a3c26307ed4087f66a54ef5640b88a7a100edb6235b23fce\"",
            "id": "tasks:2025/07",
            "name": "2025/07",
            "repository": "tasks",
            "url": "https://api.github.com/repos/go-zen-chu/tasks/labels/2025/07"
          },
          "sensitive_attributes": [],
          "private": "bnVsbA=="
        },
        {
          "index_key": "tasks-2025/08",
          "schema_version": 0,
          "attributes": {
            "color": "d68838",
            "description": "",
            "etag": "W/\"a6ed8f6d0412fd4234aa3ac0d1562a45bd45ae179fa9b91a99676f224bd08ee8\"",
            "id": "tasks:2025/08",
            "name": "2025/08",
            "repository": "tasks",
            "url": "https://api.github.com/repos/go-zen-chu/tasks/labels/2025/08"
          },
          "sensitive_attributes": [],
          "private": "bnVsbA=="
        },
        {
          "index_key": "tasks-2025/09",
          "schema_version": 0,
          "attributes": {
            "color": "3c5929",
            "description": "",
            "etag": "W/\"9e0a9bd0fcc085759f760f403dfcb4781ca5c06ec5e8e7984be10b8b870f3447\"",
            "id": "tasks:2025/09",
            "name": "2025/09",
            "repository": "tasks",
            "url": "https://api.github.com/repos/go-zen-chu/tasks/labels/2025/09"
          },
          "sensitive_attributes": [],
          "private": "bnVsbA=="
        },
        {
          "index_key": "tasks-2025/10",
          "schema_version": 0,
          "attributes": {
            "color": "e0b73e",
            "description": "",
            "etag": "W/\"f85ed4b1c67342bc0aff85aaeb50100478dba2c6eaf6d0a9868178ccc3e03f47\"",
            "id": "tasks:2025/10",
            "name": "2025/10",
            "repository": "tasks",
            "url": "https://api.github.com/repos/go-zen-chu/tasks/labels/2025/10"
          },
          "sensitive_attributes": [],
          "private": "bnVsbA=="
        },
        {
          "index_key": "tasks-2025/11",
          "schema_version": 0,
          "attributes": {
            "color": "763724",
            "description": "",
            "etag": "W/\"6e34dfb58198b33dbb5e413ca75ebe810beafbeb639764c2f879ed38c20383dc\"",
            "id": "tasks:2025/11",
            "name": "2025/11",
            "repository": "tasks",
            "url": "https://api.github.com/repos/go-zen-chu/tasks/labels/2025/11"
          },
          "sensitive_attributes": [],
          "private": "bnVsbA=="
        },
        {
          "index_key": "tasks-2025/12",
          "schema_version": 0,
          "attributes": {
            "color": "192983",
            "description": "",
            "etag": "W/\"1bb8342f049117f7b7e1c8d18b80c03b01c1a4c4ac96332c5293fa727f60ad70\"",
            "id": "tasks:2025/12",
            "name": "2025/12",
            "repository": "tasks",
            "url": "https://api.github.com/repos/go-zen-chu/tasks/labels/2025/12"
          },
          "sensitive_attributes": [],
          "private": "bnVsbA=="
        }
      ]
    },
    {
      "mode": "managed",
      "type": "github_repository",
      "name": "repositories",
      "provider": "provider[\"registry.terraform.io/integrations/github\"]",
      "instances": [
        {
          "index_key": "github-config",
          "schema_version": 1,
          "attributes": {
            "allow_auto_merge": false,
            "allow_merge_commit": true,
            "allow_rebase_merge": true,
            "allow_squash_merge": true,
            "allow_update_branch": false,
            "archive_on_destroy": null,
            "archived": false,
            "auto_init": false,
            "default_branch": "main",
            "delete_branch_on_merge": true,
            "description": "GitHub configuration managed by terraform",
            "etag": "W/\"cd805d2aa14c412b200516ac77bcf6abedee1f684ce41fae2189c585c1e03010\"",
            "full_name": "go-zen-chu/github-config",
            "git_clone_url": "git://github.com/go-zen-chu/github-config.git",
            "gitignore_template": null,
            "has_discussions": false,
            "has_downloads": false,
            "has_issues": true,
            "has_projects": false,
            "has_wiki": false,
            "homepage_url": "",
            "html_url": "https://github.com/go-zen-chu/github-config",
            "http_clone_url": "https://github.com/go-zen-chu/github-config.git",
            "id": "github-config",
            "ignore_vulnerability_alerts_during_read": null,
            "is_template": false,
            "license_template": null,
            "merge_commit_message": "PR_TITLE",
            "merge_commit_title": "MERGE_MESSAGE",
            "name": "github-config",
            "node_id": "R_kgDOLKsOFA",
            "pages": [],
            "primary_language": "HCL",
            "private": false,
            "repo_id": 749407764,
            "security_and_analysis": [
              {
                "advanced_security": [],
                "secret_scanning": [
                  {
                    "status": "disabled"
                  }
                ],
                "secret_scanning_push_protection": [
                  {
                    "status": "disabled"
                  }
                ]
              }
            ],
            "squash_merge_commit_message": "COMMIT_MESSAGES",
            "squash_merge_commit_title": "COMMIT_OR_PR_TITLE",
            "ssh_clone_url": "git@github.com:go-zen-chu/github-config.git",
            "svn_url": "https://github.com/go-zen-chu/github-config",
            "template": [],
            "topics": [],
            "visibility": "public",
            "vulnerability_alerts": true,
            "web_commit_signoff_required": false
          },
          "sensitive_attributes": [],
          "private": "eyJzY2hlbWFfdmVyc2lvbiI6IjEifQ=="
        },
        {
          "index_key": "tasks",
          "schema_version": 1,
          "attributes": {
            "allow_auto_merge": false,
            "allow_merge_commit": true,
            "allow_rebase_merge": true,
            "allow_squash_merge": true,
            "allow_update_branch": false,
            "archive_on_destroy": null,
            "archived": false,
            "auto_init": false,
            "default_branch": "main",
            "delete_branch_on_merge": true,
            "description": "My private tasks",
            "etag": "W/\"1b3665b9572c403f55411925ccf2f38bab9f92591234bb50e823c59bd1705e61\"",
            "full_name": "go-zen-chu/tasks",
            "git_clone_url": "git://github.com/go-zen-chu/tasks.git",
            "gitignore_template": null,
            "has_discussions": false,
            "has_downloads": false,
            "has_issues": true,
            "has_projects": true,
            "has_wiki": false,
            "homepage_url": "",
            "html_url": "https://github.com/go-zen-chu/tasks",
            "http_clone_url": "https://github.com/go-zen-chu/tasks.git",
            "id": "tasks",
            "ignore_vulnerability_alerts_during_read": null,
            "is_template": false,
            "license_template": null,
            "merge_commit_message": "PR_TITLE",
            "merge_commit_title": "MERGE_MESSAGE",
            "name": "tasks",
            "node_id": "R_kgDOH7UI6Q",
            "pages": [],
            "primary_language": "",
            "private": true,
            "repo_id": 531957993,
            "security_and_analysis": [],
            "squash_merge_commit_message": "COMMIT_MESSAGES",
            "squash_merge_commit_title": "COMMIT_OR_PR_TITLE",
            "ssh_clone_url": "git@github.com:go-zen-chu/tasks.git",
            "svn_url": "https://github.com/go-zen-chu/tasks",
            "template": [],
            "topics": [],
            "visibility": "private",
            "vulnerability_alerts": true,
            "web_commit_signoff_required": false
          },
          "sensitive_attributes": [],
          "private": "eyJzY2hlbWFfdmVyc2lvbiI6IjEifQ=="
        }
      ]
    }
  ],
  "check_results": null
}
