{
  "version": 4,
  "terraform_version": "1.15.4",
  "serial": 269,
  "lineage": "0add552f-3b0b-1046-bf0e-4029a97d68f8",
  "outputs": {},
  "resources": [
    {
      "mode": "managed",
      "type": "github_issue_label",
      "name": "working_time_labels",
      "provider": "provider[\"registry.terraform.io/integrations/github\"]",
      "instances": [
        {
          "index_key": "tasks-120m",
          "schema_version": 0,
          "attributes": {
            "color": "f39800",
            "description": "",
            "etag": "W/\"a3d2057f70c0e4945077e2fc675699cef41862dcd83d1c48381466cfe8a74c64\"",
            "id": "tasks:120m",
            "name": "120m",
            "repository": "tasks",
            "url": "https://api.github.com/repos/go-zen-chu/tasks/labels/120m"
          },
          "sensitive_attributes": [],
          "identity_schema_version": 0,
          "private": "bnVsbA=="
        },
        {
          "index_key": "tasks-15m",
          "schema_version": 0,
          "attributes": {
            "color": "fffcdb",
            "description": "",
            "etag": "W/\"9b5603533b35fd288e6b74e8076bba43181f91a4587c5822d9d2238495a0b568\"",
            "id": "tasks:15m",
            "name": "15m",
            "repository": "tasks",
            "url": "https://api.github.com/repos/go-zen-chu/tasks/labels/15m"
          },
          "sensitive_attributes": [],
          "identity_schema_version": 0,
          "private": "bnVsbA=="
        },
        {
          "index_key": "tasks-30m",
          "schema_version": 0,
          "attributes": {
            "color": "d4ecea",
            "description": "",
            "etag": "W/\"edcfaf4c7211891efaf0cb0074db926b12e0361abc827c61f3b9e69154a85b42\"",
            "id": "tasks:30m",
            "name": "30m",
            "repository": "tasks",
            "url": "https://api.github.com/repos/go-zen-chu/tasks/labels/30m"
          },
          "sensitive_attributes": [],
          "identity_schema_version": 0,
          "private": "bnVsbA=="
        },
        {
          "index_key": "tasks-45m",
          "schema_version": 0,
          "attributes": {
            "color": "ae7a26",
            "description": "",
            "etag": "W/\"7e71556f984d423aacf0b5ea8a07289deea87d96902373dc85dc7f3c53f2c2c5\"",
            "id": "tasks:45m",
            "name": "45m",
            "repository": "tasks",
            "url": "https://api.github.com/repos/go-zen-chu/tasks/labels/45m"
          },
          "sensitive_attributes": [],
          "identity_schema_version": 0,
          "private": "bnVsbA=="
        },
        {
          "index_key": "tasks-60m",
          "schema_version": 0,
          "attributes": {
            "color": "0068b7",
            "description": "",
            "etag": "W/\"90b4fbe9f34a33867e2b07fba733453bb25e7d3d9bcc9c9b23c08ebc5c3fa977\"",
            "id": "tasks:60m",
            "name": "60m",
            "repository": "tasks",
            "url": "https://api.github.com/repos/go-zen-chu/tasks/labels/60m"
          },
          "sensitive_attributes": [],
          "identity_schema_version": 0,
          "private": "bnVsbA=="
        },
        {
          "index_key": "tasks-90m",
          "schema_version": 0,
          "attributes": {
            "color": "914487",
            "description": "",
            "etag": "W/\"2ce7b6837a6cdd71715d781169c295757cf858315ab6d0021817a60cba140668\"",
            "id": "tasks:90m",
            "name": "90m",
            "repository": "tasks",
            "url": "https://api.github.com/repos/go-zen-chu/tasks/labels/90m"
          },
          "sensitive_attributes": [],
          "identity_schema_version": 0,
          "private": "bnVsbA=="
        }
      ]
    },
    {
      "mode": "managed",
      "type": "github_issue_label",
      "name": "year_month_definition_labels",
      "provider": "provider[\"registry.terraform.io/integrations/github\"]",
      "instances": [
        {
          "index_key": "tasks-2023/01",
          "schema_version": 0,
          "attributes": {
            "color": "c7402c",
            "description": "",
            "etag": "W/\"d0114083d8ddae540ff8bf503eee5f75bde753780e379b309af88961b139d7fa\"",
            "id": "tasks:2023/01",
            "name": "2023/01",
            "repository": "tasks",
            "url": "https://api.github.com/repos/go-zen-chu/tasks/labels/2023/01"
          },
          "sensitive_attributes": [],
          "identity_schema_version": 0,
          "private": "bnVsbA=="
        },
        {
          "index_key": "tasks-2023/02",
          "schema_version": 0,
          "attributes": {
            "color": "5e7db9",
            "description": "",
            "etag": "W/\"8e185fb8d4c5495f973ce8829a6e518937444313e44790aba01f7666de0cdc63\"",
            "id": "tasks:2023/02",
            "name": "2023/02",
            "repository": "tasks",
            "url": "https://api.github.com/repos/go-zen-chu/tasks/labels/2023/02"
          },
          "sensitive_attributes": [],
          "identity_schema_version": 0,
          "private": "bnVsbA=="
        },
        {
          "index_key": "tasks-2023/03",
          "schema_version": 0,
          "attributes": {
            "color": "e8abb9",
            "description": "",
            "etag": "W/\"4afdb8426e5337b97e726505cf0918636343ee732419a79ad35987dfdfbe28f4\"",
            "id": "tasks:2023/03",
            "name": "2023/03",
            "repository": "tasks",
            "url": "https://api.github.com/repos/go-zen-chu/tasks/labels/2023/03"
          },
          "sensitive_attributes": [],
          "identity_schema_version": 0,
          "private": "bnVsbA=="
        },
        {
          "index_key": "tasks-2023/04",
          "schema_version": 0,
          "attributes": {
            "color": "9ac244",
            "description": "",
            "etag": "W/\"1e5c6ab35850e5b4d4bf98bc439983697fdda1a0891fcd746ba0b65b29766ea9\"",
            "id": "tasks:2023/04",
            "name": "2023/04",
            "repository": "tasks",
            "url": "https://api.github.com/repos/go-zen-chu/tasks/labels/2023/04"
          },
          "sensitive_attributes": [],
          "identity_schema_version": 0,
          "private": "bnVsbA=="
        },
        {
          "index_key": "tasks-2023/05",
          "schema_version": 0,
          "attributes": {
            "color": "49a099",
            "description": "",
            "etag": "W/\"007408de36b103e2c6a509ed9e1cab24a54d539f88151bded0c704096b54c233\"",
            "id": "tasks:2023/05",
            "name": "2023/05",
            "repository": "tasks",
            "url": "https://api.github.com/repos/go-zen-chu/tasks/labels/2023/05"
          },
          "sensitive_attributes": [],
          "identity_schema_version": 0,
          "private": "bnVsbA=="
        },
        {
          "index_key": "tasks-2023/06",
          "schema_version": 0,
          "attributes": {
            "color": "8e4993",
            "description": "",
            "etag": "W/\"85143e22fce29cbdf31d9541642e4fe31fd6156f78abf9e2f5bae0e444a54b52\"",
            "id": "tasks:2023/06",
            "name": "2023/06",
            "repository": "tasks",
            "url": "https://api.github.com/repos/go-zen-chu/tasks/labels/2023/06"
          },
          "sensitive_attributes": [],
          "identity_schema_version": 0,
          "private": "bnVsbA=="
        },
        {
          "index_key": "tasks-2023/07",
          "schema_version": 0,
          "attributes": {
            "color": "4895d0",
            "description": "",
            "etag": "W/\"646b0b4380009e6cce60e5e3a529b89d713a9e9eaa52e24fef32728d8a9ef8a8\"",
            "id": "tasks:2023/07",
            "name": "2023/07",
            "repository": "tasks",
            "url": "https://api.github.com/repos/go-zen-chu/tasks/labels/2023/07"
          },
          "sensitive_attributes": [],
          "identity_schema_version": 0,
          "private": "bnVsbA=="
        },
        {
          "index_key": "tasks-2023/08",
          "schema_version": 0,
          "attributes": {
            "color": "d68838",
            "description": "",
            "etag": "W/\"bb4879c88d3ff698a2c808496a4f948e319b3d91594c053f4b39b3b532c967b5\"",
            "id": "tasks:2023/08",
            "name": "2023/08",
            "repository": "tasks",
            "url": "https://api.github.com/repos/go-zen-chu/tasks/labels/2023/08"
          },
          "sensitive_attributes": [],
          "identity_schema_version": 0,
          "private": "bnVsbA=="
        },
        {
          "index_key": "tasks-2023/09",
          "schema_version": 0,
          "attributes": {
            "color": "3c5929",
            "description": "",
            "etag": "W/\"f4172f422382fc80cf935662daa19412ae35296e36ceb7b06826fd7beca3cdf3\"",
            "id": "tasks:2023/09",
            "name": "2023/09",
            "repository": "tasks",
            "url": "https://api.github.com/repos/go-zen-chu/tasks/labels/2023/09"
          },
          "sensitive_attributes": [],
          "identity_schema_version": 0,
          "private": "bnVsbA=="
        },
        {
          "index_key": "tasks-2023/10",
          "schema_version": 0,
          "attributes": {
            "color": "e0b73e",
            "description": "",
            "etag": "W/\"edd2123627e93518fe8cdd4e869881aaf0148c53e90ccec3125e09c3c8bede39\"",
            "id": "tasks:2023/10",
            "name": "2023/10",
            "repository": "tasks",
            "url": "https://api.github.com/repos/go-zen-chu/tasks/labels/2023/10"
          },
          "sensitive_attributes": [],
          "identity_schema_version": 0,
          "private": "bnVsbA=="
        },
        {
          "index_key": "tasks-2023/11",
          "schema_version": 0,
          "attributes": {
            "color": "763724",
            "description": "",
            "etag": "W/\"b757a0d5e28c500dffcc38621284b9b562871a9c3d80ccdab9b57a527d9dc675\"",
            "id": "tasks:2023/11",
            "name": "2023/11",
            "repository": "tasks",
            "url": "https://api.github.com/repos/go-zen-chu/tasks/labels/2023/11"
          },
          "sensitive_attributes": [],
          "identity_schema_version": 0,
          "private": "bnVsbA=="
        },
        {
          "index_key": "tasks-2023/12",
          "schema_version": 0,
          "attributes": {
            "color": "192983",
            "description": "",
            "etag": "W/\"ce98de83f30ad21675791079d3d4ad2a74cf12cc5ebade3bcd648fa02dd14c04\"",
            "id": "tasks:2023/12",
            "name": "2023/12",
            "repository": "tasks",
            "url": "https://api.github.com/repos/go-zen-chu/tasks/labels/2023/12"
          },
          "sensitive_attributes": [],
          "identity_schema_version": 0,
          "private": "bnVsbA=="
        },
        {
          "index_key": "tasks-2024/01",
          "schema_version": 0,
          "attributes": {
            "color": "c7402c",
            "description": "",
            "etag": "W/\"d0fe81cb76897f07d442be3e85a7167b45ea84de3ec02f80468018249da8d651\"",
            "id": "tasks:2024/01",
            "name": "2024/01",
            "repository": "tasks",
            "url": "https://api.github.com/repos/go-zen-chu/tasks/labels/2024/01"
          },
          "sensitive_attributes": [],
          "identity_schema_version": 0,
          "private": "bnVsbA=="
        },
        {
          "index_key": "tasks-2024/02",
          "schema_version": 0,
          "attributes": {
            "color": "5e7db9",
            "description": "",
            "etag": "W/\"498142c481330c56bceac548c544dafcbf8543313b38a7b6b429469a7e9ca298\"",
            "id": "tasks:2024/02",
            "name": "2024/02",
            "repository": "tasks",
            "url": "https://api.github.com/repos/go-zen-chu/tasks/labels/2024/02"
          },
          "sensitive_attributes": [],
          "identity_schema_version": 0,
          "private": "bnVsbA=="
        },
        {
          "index_key": "tasks-2024/03",
          "schema_version": 0,
          "attributes": {
            "color": "e8abb9",
            "description": "",
            "etag": "W/\"5d5e4454ef5240d75f0764993be5f7ba23d099aadd31f3bd787175add4c2ae9a\"",
            "id": "tasks:2024/03",
            "name": "2024/03",
            "repository": "tasks",
            "url": "https://api.github.com/repos/go-zen-chu/tasks/labels/2024/03"
          },
          "sensitive_attributes": [],
          "identity_schema_version": 0,
          "private": "bnVsbA=="
        },
        {
          "index_key": "tasks-2024/04",
          "schema_version": 0,
          "attributes": {
            "color": "9ac244",
            "description": "",
            "etag": "W/\"57789730ef9619c5ef04d17500d274ae32113b588045563a11a9a869f89f0f8a\"",
            "id": "tasks:2024/04",
            "name": "2024/04",
            "repository": "tasks",
            "url": "https://api.github.com/repos/go-zen-chu/tasks/labels/2024/04"
          },
          "sensitive_attributes": [],
          "identity_schema_version": 0,
          "private": "bnVsbA=="
        },
        {
          "index_key": "tasks-2024/05",
          "schema_version": 0,
          "attributes": {
            "color": "49a099",
            "description": "",
            "etag": "W/\"86d8f8705e2412e90c364a7dd80530a7a7a58ce070f653573860e6984eeb4d40\"",
            "id": "tasks:2024/05",
            "name": "2024/05",
            "repository": "tasks",
            "url": "https://api.github.com/repos/go-zen-chu/tasks/labels/2024/05"
          },
          "sensitive_attributes": [],
          "identity_schema_version": 0,
          "private": "bnVsbA=="
        },
        {
          "index_key": "tasks-2024/06",
          "schema_version": 0,
          "attributes": {
            "color": "8e4993",
            "description": "",
            "etag": "W/\"c7d47a78e7cc8d028b5ef28b70868641f00c8f1b53d380e0e9af15301e9df9f8\"",
            "id": "tasks:2024/06",
            "name": "2024/06",
            "repository": "tasks",
            "url": "https://api.github.com/repos/go-zen-chu/tasks/labels/2024/06"
          },
          "sensitive_attributes": [],
          "identity_schema_version": 0,
          "private": "bnVsbA=="
        },
        {
          "index_key": "tasks-2024/07",
          "schema_version": 0,
          "attributes": {
            "color": "4895d0",
            "description": "",
            "etag": "W/\"30b0e6e445e519bd430ff6a4eedfbcaaa7957aae12fbbe1d9d69b5bd9a637298\"",
            "id": "tasks:2024/07",
            "name": "2024/07",
            "repository": "tasks",
            "url": "https://api.github.com/repos/go-zen-chu/tasks/labels/2024/07"
          },
          "sensitive_attributes": [],
          "identity_schema_version": 0,
          "private": "bnVsbA=="
        },
        {
          "index_key": "tasks-2024/08",
          "schema_version": 0,
          "attributes": {
            "color": "d68838",
            "description": "",
            "etag": "W/\"85f510cc87ba393db617ccd1122c7983d01e5f4468c4ccef1b902c39938bce8c\"",
            "id": "tasks:2024/08",
            "name": "2024/08",
            "repository": "tasks",
            "url": "https://api.github.com/repos/go-zen-chu/tasks/labels/2024/08"
          },
          "sensitive_attributes": [],
          "identity_schema_version": 0,
          "private": "bnVsbA=="
        },
        {
          "index_key": "tasks-2024/09",
          "schema_version": 0,
          "attributes": {
            "color": "3c5929",
            "description": "",
            "etag": "W/\"55ea86dce5491dca94557adc2b309b58c6068f8dd4bc2342941ab7aa68d099ef\"",
            "id": "tasks:2024/09",
            "name": "2024/09",
            "repository": "tasks",
            "url": "https://api.github.com/repos/go-zen-chu/tasks/labels/2024/09"
          },
          "sensitive_attributes": [],
          "identity_schema_version": 0,
          "private": "bnVsbA=="
        },
        {
          "index_key": "tasks-2024/10",
          "schema_version": 0,
          "attributes": {
            "color": "e0b73e",
            "description": "",
            "etag": "W/\"66a71532b91bafcd2cc7fa5a7d3550481d359b27e84ced0def896333867e4ba1\"",
            "id": "tasks:2024/10",
            "name": "2024/10",
            "repository": "tasks",
            "url": "https://api.github.com/repos/go-zen-chu/tasks/labels/2024/10"
          },
          "sensitive_attributes": [],
          "identity_schema_version": 0,
          "private": "bnVsbA=="
        },
        {
          "index_key": "tasks-2024/11",
          "schema_version": 0,
          "attributes": {
            "color": "763724",
            "description": "",
            "etag": "W/\"4eddff2dfe72b8644d18a9ad851d3ab5dce5e6f46a34dd4fc2e68a092353fc6e\"",
            "id": "tasks:2024/11",
            "name": "2024/11",
            "repository": "tasks",
            "url": "https://api.github.com/repos/go-zen-chu/tasks/labels/2024/11"
          },
          "sensitive_attributes": [],
          "identity_schema_version": 0,
          "private": "bnVsbA=="
        },
        {
          "index_key": "tasks-2024/12",
          "schema_version": 0,
          "attributes": {
            "color": "192983",
            "description": "",
            "etag": "W/\"8ae7a0a4efab6d91377e1e6c2ba6fbe7f0bd2373931bfc9c3ff46278d7d7b18e\"",
            "id": "tasks:2024/12",
            "name": "2024/12",
            "repository": "tasks",
            "url": "https://api.github.com/repos/go-zen-chu/tasks/labels/2024/12"
          },
          "sensitive_attributes": [],
          "identity_schema_version": 0,
          "private": "bnVsbA=="
        },
        {
          "index_key": "tasks-2025/01",
          "schema_version": 0,
          "attributes": {
            "color": "c7402c",
            "description": "",
            "etag": "W/\"7d842280335a78fc0bd93403ac935f5ecf98ecd7c0f4c6fb3aafe0c1cf6cd293\"",
            "id": "tasks:2025/01",
            "name": "2025/01",
            "repository": "tasks",
            "url": "https://api.github.com/repos/go-zen-chu/tasks/labels/2025/01"
          },
          "sensitive_attributes": [],
          "identity_schema_version": 0,
          "private": "bnVsbA=="
        },
        {
          "index_key": "tasks-2025/02",
          "schema_version": 0,
          "attributes": {
            "color": "5e7db9",
            "description": "",
            "etag": "W/\"94ca41730f1aa89605c090068cace7209cfcc3030d69437e5d128ed56bebe00f\"",
            "id": "tasks:2025/02",
            "name": "2025/02",
            "repository": "tasks",
            "url": "https://api.github.com/repos/go-zen-chu/tasks/labels/2025/02"
          },
          "sensitive_attributes": [],
          "identity_schema_version": 0,
          "private": "bnVsbA=="
        },
        {
          "index_key": "tasks-2025/03",
          "schema_version": 0,
          "attributes": {
            "color": "e8abb9",
            "description": "",
            "etag": "W/\"a00a0fbc7cbe6884acdc7eb6fe0bbb144f3dfd17fd5a9ad89b971e087550c00a\"",
            "id": "tasks:2025/03",
            "name": "2025/03",
            "repository": "tasks",
            "url": "https://api.github.com/repos/go-zen-chu/tasks/labels/2025/03"
          },
          "sensitive_attributes": [],
          "identity_schema_version": 0,
          "private": "bnVsbA=="
        },
        {
          "index_key": "tasks-2025/04",
          "schema_version": 0,
          "attributes": {
            "color": "9ac244",
            "description": "",
            "etag": "W/\"042b7d4d23dbd11f7953cb6a3212fe5a787e098aa8041b8149b82f80ac0e6f9a\"",
            "id": "tasks:2025/04",
            "name": "2025/04",
            "repository": "tasks",
            "url": "https://api.github.com/repos/go-zen-chu/tasks/labels/2025/04"
          },
          "sensitive_attributes": [],
          "identity_schema_version": 0,
          "private": "bnVsbA=="
        },
        {
          "index_key": "tasks-2025/05",
          "schema_version": 0,
          "attributes": {
            "color": "49a099",
            "description": "",
            "etag": "W/\"f5914e2c82cac2ae3330d02907b753d0fa519aeb4c7e3d7db712e7e5dcb323d9\"",
            "id": "tasks:2025/05",
            "name": "2025/05",
            "repository": "tasks",
            "url": "https://api.github.com/repos/go-zen-chu/tasks/labels/2025/05"
          },
          "sensitive_attributes": [],
          "identity_schema_version": 0,
          "private": "bnVsbA=="
        },
        {
          "index_key": "tasks-2025/06",
          "schema_version": 0,
          "attributes": {
            "color": "8e4993",
            "description": "",
            "etag": "W/\"d8584d80cc0b02855d3e8bc3f3b03d6d20a517cf762de196116270afcc232ed9\"",
            "id": "tasks:2025/06",
            "name": "2025/06",
            "repository": "tasks",
            "url": "https://api.github.com/repos/go-zen-chu/tasks/labels/2025/06"
          },
          "sensitive_attributes": [],
          "identity_schema_version": 0,
          "private": "bnVsbA=="
        },
        {
          "index_key": "tasks-2025/07",
          "schema_version": 0,
          "attributes": {
            "color": "4895d0",
            "description": "",
            "etag": "W/\"12a30a53504b296dd34eb654651ff9b0019b2a3b39b41f8b99a76d1beee30800\"",
            "id": "tasks:2025/07",
            "name": "2025/07",
            "repository": "tasks",
            "url": "https://api.github.com/repos/go-zen-chu/tasks/labels/2025/07"
          },
          "sensitive_attributes": [],
          "identity_schema_version": 0,
          "private": "bnVsbA=="
        },
        {
          "index_key": "tasks-2025/08",
          "schema_version": 0,
          "attributes": {
            "color": "d68838",
            "description": "",
            "etag": "W/\"ef385e3084761ae483168bdef1afcfcbd85aef977a9db0e8deb5bb9e7ca9cc58\"",
            "id": "tasks:2025/08",
            "name": "2025/08",
            "repository": "tasks",
            "url": "https://api.github.com/repos/go-zen-chu/tasks/labels/2025/08"
          },
          "sensitive_attributes": [],
          "identity_schema_version": 0,
          "private": "bnVsbA=="
        },
        {
          "index_key": "tasks-2025/09",
          "schema_version": 0,
          "attributes": {
            "color": "3c5929",
            "description": "",
            "etag": "W/\"042fef6fc748145229e1958ed3a42311ce4811a7e48b2831a24870ffb9197f73\"",
            "id": "tasks:2025/09",
            "name": "2025/09",
            "repository": "tasks",
            "url": "https://api.github.com/repos/go-zen-chu/tasks/labels/2025/09"
          },
          "sensitive_attributes": [],
          "identity_schema_version": 0,
          "private": "bnVsbA=="
        },
        {
          "index_key": "tasks-2025/10",
          "schema_version": 0,
          "attributes": {
            "color": "e0b73e",
            "description": "",
            "etag": "W/\"5c97159195b5471d7f830ea20c209776849c01e41351647844a0e95045ad82e0\"",
            "id": "tasks:2025/10",
            "name": "2025/10",
            "repository": "tasks",
            "url": "https://api.github.com/repos/go-zen-chu/tasks/labels/2025/10"
          },
          "sensitive_attributes": [],
          "identity_schema_version": 0,
          "private": "bnVsbA=="
        },
        {
          "index_key": "tasks-2025/11",
          "schema_version": 0,
          "attributes": {
            "color": "763724",
            "description": "",
            "etag": "W/\"2e01a25367a4c84c5d088eea999e51c2957440887698174dbe13bd1b8ff3fd7a\"",
            "id": "tasks:2025/11",
            "name": "2025/11",
            "repository": "tasks",
            "url": "https://api.github.com/repos/go-zen-chu/tasks/labels/2025/11"
          },
          "sensitive_attributes": [],
          "identity_schema_version": 0,
          "private": "bnVsbA=="
        },
        {
          "index_key": "tasks-2025/12",
          "schema_version": 0,
          "attributes": {
            "color": "192983",
            "description": "",
            "etag": "W/\"ce1dd00eee52d784cdfb10eeae9cbb1efdffa746755601a2f1486760b11c0084\"",
            "id": "tasks:2025/12",
            "name": "2025/12",
            "repository": "tasks",
            "url": "https://api.github.com/repos/go-zen-chu/tasks/labels/2025/12"
          },
          "sensitive_attributes": [],
          "identity_schema_version": 0,
          "private": "bnVsbA=="
        },
        {
          "index_key": "tasks-2026/01",
          "schema_version": 0,
          "attributes": {
            "color": "c7402c",
            "description": "",
            "etag": "W/\"eb4b403e85ec57786e0f69042a70a817c1df2c3a2e40153892b696af7477855c\"",
            "id": "tasks:2026/01",
            "name": "2026/01",
            "repository": "tasks",
            "url": "https://api.github.com/repos/go-zen-chu/tasks/labels/2026/01"
          },
          "sensitive_attributes": [],
          "identity_schema_version": 0,
          "private": "bnVsbA=="
        },
        {
          "index_key": "tasks-2026/02",
          "schema_version": 0,
          "attributes": {
            "color": "5e7db9",
            "description": "",
            "etag": "W/\"5281351cf968c017ccd8c9f3f094e54ad6beff71f65edbcceb2a2e31e5f21c0b\"",
            "id": "tasks:2026/02",
            "name": "2026/02",
            "repository": "tasks",
            "url": "https://api.github.com/repos/go-zen-chu/tasks/labels/2026/02"
          },
          "sensitive_attributes": [],
          "identity_schema_version": 0,
          "private": "bnVsbA=="
        },
        {
          "index_key": "tasks-2026/03",
          "schema_version": 0,
          "attributes": {
            "color": "e8abb9",
            "description": "",
            "etag": "W/\"fcf72e8bd004ff2661b6ca405254f508d3c891ddc6ab9882a6e605fb1032e9b7\"",
            "id": "tasks:2026/03",
            "name": "2026/03",
            "repository": "tasks",
            "url": "https://api.github.com/repos/go-zen-chu/tasks/labels/2026/03"
          },
          "sensitive_attributes": [],
          "identity_schema_version": 0,
          "private": "bnVsbA=="
        },
        {
          "index_key": "tasks-2026/04",
          "schema_version": 0,
          "attributes": {
            "color": "9ac244",
            "description": "",
            "etag": "W/\"b07240569c356fc40dfe5a10eb0870359a78a7319700e1ed0c6cc097458c03a6\"",
            "id": "tasks:2026/04",
            "name": "2026/04",
            "repository": "tasks",
            "url": "https://api.github.com/repos/go-zen-chu/tasks/labels/2026/04"
          },
          "sensitive_attributes": [],
          "identity_schema_version": 0,
          "private": "bnVsbA=="
        },
        {
          "index_key": "tasks-2026/05",
          "schema_version": 0,
          "attributes": {
            "color": "49a099",
            "description": "",
            "etag": "W/\"71cd8ca1c917dbb2b550e42433265a4e4c36dd36215c4e6c4028e0d52ec8de5c\"",
            "id": "tasks:2026/05",
            "name": "2026/05",
            "repository": "tasks",
            "url": "https://api.github.com/repos/go-zen-chu/tasks/labels/2026/05"
          },
          "sensitive_attributes": [],
          "identity_schema_version": 0,
          "private": "bnVsbA=="
        },
        {
          "index_key": "tasks-2026/06",
          "schema_version": 0,
          "attributes": {
            "color": "8e4993",
            "description": "",
            "etag": "W/\"2159815e1141addd4489387e1a1d2f0bd9cd0412aedd84cc5e3831d2fca9aaf2\"",
            "id": "tasks:2026/06",
            "name": "2026/06",
            "repository": "tasks",
            "url": "https://api.github.com/repos/go-zen-chu/tasks/labels/2026/06"
          },
          "sensitive_attributes": [],
          "identity_schema_version": 0,
          "private": "bnVsbA=="
        },
        {
          "index_key": "tasks-2026/07",
          "schema_version": 0,
          "attributes": {
            "color": "4895d0",
            "description": "",
            "etag": "W/\"e2a4c10dd292ab78ba9f6e40ecbe9ef0482eda5eda9be3b190c13b1ea63c67a7\"",
            "id": "tasks:2026/07",
            "name": "2026/07",
            "repository": "tasks",
            "url": "https://api.github.com/repos/go-zen-chu/tasks/labels/2026/07"
          },
          "sensitive_attributes": [],
          "identity_schema_version": 0,
          "private": "bnVsbA=="
        },
        {
          "index_key": "tasks-2026/08",
          "schema_version": 0,
          "attributes": {
            "color": "d68838",
            "description": "",
            "etag": "W/\"eca2f6d2115443d3da8355abcd51e5775b68f1b503d7ea8b99c9ea52650bc170\"",
            "id": "tasks:2026/08",
            "name": "2026/08",
            "repository": "tasks",
            "url": "https://api.github.com/repos/go-zen-chu/tasks/labels/2026/08"
          },
          "sensitive_attributes": [],
          "identity_schema_version": 0,
          "private": "bnVsbA=="
        },
        {
          "index_key": "tasks-2026/09",
          "schema_version": 0,
          "attributes": {
            "color": "3c5929",
            "description": "",
            "etag": "W/\"e0e74ec6bccea05f6f48007311c0840703589961e57c5b486643a71027a44d53\"",
            "id": "tasks:2026/09",
            "name": "2026/09",
            "repository": "tasks",
            "url": "https://api.github.com/repos/go-zen-chu/tasks/labels/2026/09"
          },
          "sensitive_attributes": [],
          "identity_schema_version": 0,
          "private": "bnVsbA=="
        },
        {
          "index_key": "tasks-2026/10",
          "schema_version": 0,
          "attributes": {
            "color": "e0b73e",
            "description": "",
            "etag": "W/\"418034168fafce48e8aa1d5ca1d067b214352c2416f99d6001320368e9dee720\"",
            "id": "tasks:2026/10",
            "name": "2026/10",
            "repository": "tasks",
            "url": "https://api.github.com/repos/go-zen-chu/tasks/labels/2026/10"
          },
          "sensitive_attributes": [],
          "identity_schema_version": 0,
          "private": "bnVsbA=="
        },
        {
          "index_key": "tasks-2026/11",
          "schema_version": 0,
          "attributes": {
            "color": "763724",
            "description": "",
            "etag": "W/\"7e7be456ccd04f792e7cd6bd4cd7d08accdca48e35ad3679e662a4bb429c8691\"",
            "id": "tasks:2026/11",
            "name": "2026/11",
            "repository": "tasks",
            "url": "https://api.github.com/repos/go-zen-chu/tasks/labels/2026/11"
          },
          "sensitive_attributes": [],
          "identity_schema_version": 0,
          "private": "bnVsbA=="
        },
        {
          "index_key": "tasks-2026/12",
          "schema_version": 0,
          "attributes": {
            "color": "192983",
            "description": "",
            "etag": "W/\"da7b0afe06b95707d9dfeb5f0f3a959e5fa3bdb9e1cae5ea7d1fa98b1fb42d0f\"",
            "id": "tasks:2026/12",
            "name": "2026/12",
            "repository": "tasks",
            "url": "https://api.github.com/repos/go-zen-chu/tasks/labels/2026/12"
          },
          "sensitive_attributes": [],
          "identity_schema_version": 0,
          "private": "bnVsbA=="
        }
      ]
    },
    {
      "mode": "managed",
      "type": "github_repository",
      "name": "repositories",
      "provider": "provider[\"registry.terraform.io/integrations/github\"]",
      "instances": [
        {
          "index_key": "tasks",
          "schema_version": 1,
          "attributes": {
            "allow_auto_merge": false,
            "allow_merge_commit": true,
            "allow_rebase_merge": true,
            "allow_squash_merge": true,
            "allow_update_branch": false,
            "archive_on_destroy": null,
            "archived": false,
            "auto_init": false,
            "default_branch": "main",
            "delete_branch_on_merge": true,
            "description": "My private tasks",
            "etag": "W/\"740ed6deeb72644777636f26dbd0f46eafd51d3c4c3074a491a581c1b1045fc4\"",
            "full_name": "go-zen-chu/tasks",
            "git_clone_url": "git://github.com/go-zen-chu/tasks.git",
            "gitignore_template": null,
            "has_discussions": false,
            "has_downloads": false,
            "has_issues": true,
            "has_projects": true,
            "has_wiki": false,
            "homepage_url": "",
            "html_url": "https://github.com/go-zen-chu/tasks",
            "http_clone_url": "https://github.com/go-zen-chu/tasks.git",
            "id": "tasks",
            "ignore_vulnerability_alerts_during_read": null,
            "is_template": false,
            "license_template": null,
            "merge_commit_message": "PR_TITLE",
            "merge_commit_title": "MERGE_MESSAGE",
            "name": "tasks",
            "node_id": "R_kgDOH7UI6Q",
            "pages": [],
            "primary_language": "",
            "private": true,
            "repo_id": 531957993,
            "security_and_analysis": [],
            "squash_merge_commit_message": "COMMIT_MESSAGES",
            "squash_merge_commit_title": "COMMIT_OR_PR_TITLE",
            "ssh_clone_url": "git@github.com:go-zen-chu/tasks.git",
            "svn_url": "https://github.com/go-zen-chu/tasks",
            "template": [],
            "topics": [],
            "visibility": "private",
            "vulnerability_alerts": true,
            "web_commit_signoff_required": false
          },
          "sensitive_attributes": [],
          "identity_schema_version": 0,
          "private": "eyJzY2hlbWFfdmVyc2lvbiI6IjEifQ=="
        }
      ]
    },
    {
      "mode": "managed",
      "type": "github_repository_file",
      "name": "claude_workflow",
      "provider": "provider[\"registry.terraform.io/integrations/github\"]",
      "instances": [
        {
          "index_key": "dotfiles",
          "schema_version": 0,
          "attributes": {
            "autocreate_branch": null,
            "autocreate_branch_source_branch": null,
            "autocreate_branch_source_sha": null,
            "branch": null,
            "commit_author": null,
            "commit_email": null,
            "commit_message": "Add Claude Code workflow",
            "commit_sha": "01a6c5fcda0f7831de4d6cfe50bb125919e24964",
            "content": "name: Claude Code\n\non:\n  issues:\n    types: [opened, assigned]\n  issue_comment:\n    types: [created]\n  pull_request_review_comment:\n    types: [created]\n  pull_request_review:\n    types: [submitted]\n\njobs:\n  claude:\n    if: |\n      github.actor == github.repository_owner \u0026\u0026 (\n        (github.event_name == 'issues' \u0026\u0026 (contains(github.event.issue.body, '@claude') || contains(github.event.issue.title, '@claude'))) ||\n        (github.event_name == 'issue_comment' \u0026\u0026 contains(github.event.comment.body, '@claude')) ||\n        (github.event_name == 'pull_request_review_comment' \u0026\u0026 contains(github.event.comment.body, '@claude')) ||\n        (github.event_name == 'pull_request_review' \u0026\u0026 contains(github.event.review.body, '@claude'))\n      )\n    runs-on: ubuntu-latest\n    permissions:\n      contents: read\n      pull-requests: read\n      issues: read\n      id-token: write\n      actions: read # Required for Claude to read CI results on PRs\n    steps:\n      - name: Checkout repository\n        uses: actions/checkout@v4\n        with:\n          fetch-depth: 1\n\n      - name: Run Claude Code\n        id: claude\n        uses: anthropics/claude-code-action@v1\n        with:\n          claude_code_oauth_token: ${{ secrets.CLAUDE_CODE_OAUTH_TOKEN }}\n\n          # This is an optional setting that allows Claude to read CI results on PRs\n          additional_permissions: |\n            actions: read\n\n          # Optional: Give a custom prompt to Claude. If this is not specified, Claude will perform the instructions specified in the comment that tagged it.\n          # prompt: 'Update the pull request description to include a summary of changes.'\n\n          # Optional: Add claude_args to customize behavior and configuration\n          # See https://github.com/anthropics/claude-code-action/blob/main/docs/usage.md\n          # or https://code.claude.com/docs/en/cli-reference for available options\n          # claude_args: '--allowed-tools Bash(gh pr *)'\n",
            "file": ".github/workflows/claude.yml",
            "id": "dotfiles/.github/workflows/claude.yml",
            "overwrite_on_create": true,
            "ref": "master",
            "repository": "dotfiles",
            "sha": "35b18dd676cd8ae8efa438fbdb7e93c38d1aeb79"
          },
          "sensitive_attributes": [],
          "identity_schema_version": 0,
          "private": "bnVsbA=="
        },
        {
          "index_key": "notes",
          "schema_version": 0,
          "attributes": {
            "autocreate_branch": null,
            "autocreate_branch_source_branch": null,
            "autocreate_branch_source_sha": null,
            "branch": null,
            "commit_author": null,
            "commit_email": null,
            "commit_message": "Add Claude Code workflow",
            "commit_sha": "68151439dd7487da5fe40ba4aeae608b1feb9c1b",
            "content": "name: Claude Code\n\non:\n  issues:\n    types: [opened, assigned]\n  issue_comment:\n    types: [created]\n  pull_request_review_comment:\n    types: [created]\n  pull_request_review:\n    types: [submitted]\n\njobs:\n  claude:\n    if: |\n      github.actor == github.repository_owner \u0026\u0026 (\n        (github.event_name == 'issues' \u0026\u0026 (contains(github.event.issue.body, '@claude') || contains(github.event.issue.title, '@claude'))) ||\n        (github.event_name == 'issue_comment' \u0026\u0026 contains(github.event.comment.body, '@claude')) ||\n        (github.event_name == 'pull_request_review_comment' \u0026\u0026 contains(github.event.comment.body, '@claude')) ||\n        (github.event_name == 'pull_request_review' \u0026\u0026 contains(github.event.review.body, '@claude'))\n      )\n    runs-on: ubuntu-latest\n    permissions:\n      contents: read\n      pull-requests: read\n      issues: read\n      id-token: write\n      actions: read # Required for Claude to read CI results on PRs\n    steps:\n      - name: Checkout repository\n        uses: actions/checkout@v4\n        with:\n          fetch-depth: 1\n\n      - name: Run Claude Code\n        id: claude\n        uses: anthropics/claude-code-action@v1\n        with:\n          claude_code_oauth_token: ${{ secrets.CLAUDE_CODE_OAUTH_TOKEN }}\n\n          # This is an optional setting that allows Claude to read CI results on PRs\n          additional_permissions: |\n            actions: read\n\n          # Optional: Give a custom prompt to Claude. If this is not specified, Claude will perform the instructions specified in the comment that tagged it.\n          # prompt: 'Update the pull request description to include a summary of changes.'\n\n          # Optional: Add claude_args to customize behavior and configuration\n          # See https://github.com/anthropics/claude-code-action/blob/main/docs/usage.md\n          # or https://code.claude.com/docs/en/cli-reference for available options\n          # claude_args: '--allowed-tools Bash(gh pr *)'\n",
            "file": ".github/workflows/claude.yml",
            "id": "notes/.github/workflows/claude.yml",
            "overwrite_on_create": true,
            "ref": "main",
            "repository": "notes",
            "sha": "35b18dd676cd8ae8efa438fbdb7e93c38d1aeb79"
          },
          "sensitive_attributes": [],
          "identity_schema_version": 0,
          "private": "bnVsbA=="
        },
        {
          "index_key": "tasks",
          "schema_version": 0,
          "attributes": {
            "autocreate_branch": null,
            "autocreate_branch_source_branch": null,
            "autocreate_branch_source_sha": null,
            "branch": null,
            "commit_author": null,
            "commit_email": null,
            "commit_message": "Add Claude Code workflow",
            "commit_sha": "871a83def4fc0b98e0a7c498a077a74af018f483",
            "content": "name: Claude Code\n\non:\n  issues:\n    types: [opened, assigned]\n  issue_comment:\n    types: [created]\n  pull_request_review_comment:\n    types: [created]\n  pull_request_review:\n    types: [submitted]\n\njobs:\n  claude:\n    if: |\n      github.actor == github.repository_owner \u0026\u0026 (\n        (github.event_name == 'issues' \u0026\u0026 (contains(github.event.issue.body, '@claude') || contains(github.event.issue.title, '@claude'))) ||\n        (github.event_name == 'issue_comment' \u0026\u0026 contains(github.event.comment.body, '@claude')) ||\n        (github.event_name == 'pull_request_review_comment' \u0026\u0026 contains(github.event.comment.body, '@claude')) ||\n        (github.event_name == 'pull_request_review' \u0026\u0026 contains(github.event.review.body, '@claude'))\n      )\n    runs-on: ubuntu-latest\n    permissions:\n      contents: read\n      pull-requests: read\n      issues: read\n      id-token: write\n      actions: read # Required for Claude to read CI results on PRs\n    steps:\n      - name: Checkout repository\n        uses: actions/checkout@v4\n        with:\n          fetch-depth: 1\n\n      - name: Run Claude Code\n        id: claude\n        uses: anthropics/claude-code-action@v1\n        with:\n          claude_code_oauth_token: ${{ secrets.CLAUDE_CODE_OAUTH_TOKEN }}\n\n          # This is an optional setting that allows Claude to read CI results on PRs\n          additional_permissions: |\n            actions: read\n\n          # Optional: Give a custom prompt to Claude. If this is not specified, Claude will perform the instructions specified in the comment that tagged it.\n          # prompt: 'Update the pull request description to include a summary of changes.'\n\n          # Optional: Add claude_args to customize behavior and configuration\n          # See https://github.com/anthropics/claude-code-action/blob/main/docs/usage.md\n          # or https://code.claude.com/docs/en/cli-reference for available options\n          # claude_args: '--allowed-tools Bash(gh pr *)'\n",
            "file": ".github/workflows/claude.yml",
            "id": "tasks/.github/workflows/claude.yml",
            "overwrite_on_create": true,
            "ref": "main",
            "repository": "tasks",
            "sha": "35b18dd676cd8ae8efa438fbdb7e93c38d1aeb79"
          },
          "sensitive_attributes": [],
          "identity_schema_version": 0,
          "private": "bnVsbA=="
        },
        {
          "index_key": "tnkabs-hugo",
          "schema_version": 0,
          "attributes": {
            "autocreate_branch": null,
            "autocreate_branch_source_branch": null,
            "autocreate_branch_source_sha": null,
            "branch": null,
            "commit_author": null,
            "commit_email": null,
            "commit_message": "Add Claude Code workflow",
            "commit_sha": "cf5bf5dbcead8d1f03461e615a8d7b6ee88182a0",
            "content": "name: Claude Code\n\non:\n  issues:\n    types: [opened, assigned]\n  issue_comment:\n    types: [created]\n  pull_request_review_comment:\n    types: [created]\n  pull_request_review:\n    types: [submitted]\n\njobs:\n  claude:\n    if: |\n      github.actor == github.repository_owner \u0026\u0026 (\n        (github.event_name == 'issues' \u0026\u0026 (contains(github.event.issue.body, '@claude') || contains(github.event.issue.title, '@claude'))) ||\n        (github.event_name == 'issue_comment' \u0026\u0026 contains(github.event.comment.body, '@claude')) ||\n        (github.event_name == 'pull_request_review_comment' \u0026\u0026 contains(github.event.comment.body, '@claude')) ||\n        (github.event_name == 'pull_request_review' \u0026\u0026 contains(github.event.review.body, '@claude'))\n      )\n    runs-on: ubuntu-latest\n    permissions:\n      contents: read\n      pull-requests: read\n      issues: read\n      id-token: write\n      actions: read # Required for Claude to read CI results on PRs\n    steps:\n      - name: Checkout repository\n        uses: actions/checkout@v4\n        with:\n          fetch-depth: 1\n\n      - name: Run Claude Code\n        id: claude\n        uses: anthropics/claude-code-action@v1\n        with:\n          claude_code_oauth_token: ${{ secrets.CLAUDE_CODE_OAUTH_TOKEN }}\n\n          # This is an optional setting that allows Claude to read CI results on PRs\n          additional_permissions: |\n            actions: read\n\n          # Optional: Give a custom prompt to Claude. If this is not specified, Claude will perform the instructions specified in the comment that tagged it.\n          # prompt: 'Update the pull request description to include a summary of changes.'\n\n          # Optional: Add claude_args to customize behavior and configuration\n          # See https://github.com/anthropics/claude-code-action/blob/main/docs/usage.md\n          # or https://code.claude.com/docs/en/cli-reference for available options\n          # claude_args: '--allowed-tools Bash(gh pr *)'\n",
            "file": ".github/workflows/claude.yml",
            "id": "tnkabs-hugo/.github/workflows/claude.yml",
            "overwrite_on_create": true,
            "ref": "master",
            "repository": "tnkabs-hugo",
            "sha": "35b18dd676cd8ae8efa438fbdb7e93c38d1aeb79"
          },
          "sensitive_attributes": [],
          "identity_schema_version": 0,
          "private": "bnVsbA=="
        }
      ]
    }
  ],
  "check_results": null
}
