{
  "version": 4,
  "terraform_version": "1.6.6",
  "serial": 1,
  "lineage": "0add552f-3b0b-1046-bf0e-4029a97d68f8",
  "outputs": {},
  "resources": [
    {
      "mode": "managed",
      "type": "github_repository",
      "name": "github-config",
      "provider": "provider[\"registry.terraform.io/integrations/github\"]",
      "instances": [
        {
          "schema_version": 1,
          "attributes": {
            "allow_auto_merge": false,
            "allow_merge_commit": true,
            "allow_rebase_merge": true,
            "allow_squash_merge": true,
            "allow_update_branch": false,
            "archive_on_destroy": null,
            "archived": false,
            "auto_init": false,
            "default_branch": "main",
            "delete_branch_on_merge": false,
            "description": "GitHub configuration managed by terraform",
            "etag": "W/\"3b3226cb7c736e5fd1c25d95074e0255b12b75041da5e84f675752b25088807b\"",
            "full_name": "go-zen-chu/github-config",
            "git_clone_url": "git://github.com/go-zen-chu/github-config.git",
            "gitignore_template": null,
            "has_discussions": false,
            "has_downloads": true,
            "has_issues": true,
            "has_projects": true,
            "has_wiki": true,
            "homepage_url": "",
            "html_url": "https://github.com/go-zen-chu/github-config",
            "http_clone_url": "https://github.com/go-zen-chu/github-config.git",
            "id": "github-config",
            "ignore_vulnerability_alerts_during_read": null,
            "is_template": false,
            "license_template": null,
            "merge_commit_message": "PR_TITLE",
            "merge_commit_title": "MERGE_MESSAGE",
            "name": "github-config",
            "node_id": "R_kgDOLKsOFA",
            "pages": [],
            "primary_language": "",
            "private": false,
            "repo_id": 749407764,
            "security_and_analysis": [
              {
                "advanced_security": [],
                "secret_scanning": [
                  {
                    "status": "disabled"
                  }
                ],
                "secret_scanning_push_protection": [
                  {
                    "status": "disabled"
                  }
                ]
              }
            ],
            "squash_merge_commit_message": "COMMIT_MESSAGES",
            "squash_merge_commit_title": "COMMIT_OR_PR_TITLE",
            "ssh_clone_url": "git@github.com:go-zen-chu/github-config.git",
            "svn_url": "https://github.com/go-zen-chu/github-config",
            "template": [],
            "topics": [],
            "visibility": "public",
            "vulnerability_alerts": true,
            "web_commit_signoff_required": false
          },
          "sensitive_attributes": [],
          "private": "eyJzY2hlbWFfdmVyc2lvbiI6IjEifQ=="
        }
      ]
    }
  ],
  "check_results": null
}
