{
  "version": 4,
  "terraform_version": "1.15.2",
  "serial": 264,
  "lineage": "0add552f-3b0b-1046-bf0e-4029a97d68f8",
  "outputs": {},
  "resources": [
    {
      "mode": "managed",
      "type": "github_issue_label",
      "name": "working_time_labels",
      "provider": "provider[\"registry.terraform.io/integrations/github\"]",
      "instances": [
        {
          "index_key": "tasks-120m",
          "schema_version": 0,
          "attributes": {
            "color": "f39800",
            "description": "",
            "etag": "W/\"79d800d7965bc3f42ba14e2f6f78130ccb3595326030867b148d2cbbfac98c54\"",
            "id": "tasks:120m",
            "name": "120m",
            "repository": "tasks",
            "url": "https://api.github.com/repos/go-zen-chu/tasks/labels/120m"
          },
          "sensitive_attributes": [],
          "identity_schema_version": 0,
          "private": "bnVsbA=="
        },
        {
          "index_key": "tasks-15m",
          "schema_version": 0,
          "attributes": {
            "color": "fffcdb",
            "description": "",
            "etag": "W/\"9dc63d7ea925f35faecc083b6835ccfb9b0aa54203a39f1f9dbd0243270f2bb2\"",
            "id": "tasks:15m",
            "name": "15m",
            "repository": "tasks",
            "url": "https://api.github.com/repos/go-zen-chu/tasks/labels/15m"
          },
          "sensitive_attributes": [],
          "identity_schema_version": 0,
          "private": "bnVsbA=="
        },
        {
          "index_key": "tasks-30m",
          "schema_version": 0,
          "attributes": {
            "color": "d4ecea",
            "description": "",
            "etag": "W/\"520ef2ce0d287b5e7a6653964338ffbe183487f88129c6befb47be5fbf58c296\"",
            "id": "tasks:30m",
            "name": "30m",
            "repository": "tasks",
            "url": "https://api.github.com/repos/go-zen-chu/tasks/labels/30m"
          },
          "sensitive_attributes": [],
          "identity_schema_version": 0,
          "private": "bnVsbA=="
        },
        {
          "index_key": "tasks-45m",
          "schema_version": 0,
          "attributes": {
            "color": "ae7a26",
            "description": "",
            "etag": "W/\"496ee7f34361eca3d901b6c0634bc76b88647550a5489cbe1d616764b9b01fae\"",
            "id": "tasks:45m",
            "name": "45m",
            "repository": "tasks",
            "url": "https://api.github.com/repos/go-zen-chu/tasks/labels/45m"
          },
          "sensitive_attributes": [],
          "identity_schema_version": 0,
          "private": "bnVsbA=="
        },
        {
          "index_key": "tasks-60m",
          "schema_version": 0,
          "attributes": {
            "color": "0068b7",
            "description": "",
            "etag": "W/\"c5200209b7264279d87184356c5a4caebc2d14d2052ac35cf57ff1a486d66b7a\"",
            "id": "tasks:60m",
            "name": "60m",
            "repository": "tasks",
            "url": "https://api.github.com/repos/go-zen-chu/tasks/labels/60m"
          },
          "sensitive_attributes": [],
          "identity_schema_version": 0,
          "private": "bnVsbA=="
        },
        {
          "index_key": "tasks-90m",
          "schema_version": 0,
          "attributes": {
            "color": "914487",
            "description": "",
            "etag": "W/\"297e9306a4de861bf2b649095d0b694342c09a2aadb1c644a38406cb176cd8ec\"",
            "id": "tasks:90m",
            "name": "90m",
            "repository": "tasks",
            "url": "https://api.github.com/repos/go-zen-chu/tasks/labels/90m"
          },
          "sensitive_attributes": [],
          "identity_schema_version": 0,
          "private": "bnVsbA=="
        }
      ]
    },
    {
      "mode": "managed",
      "type": "github_issue_label",
      "name": "year_month_definition_labels",
      "provider": "provider[\"registry.terraform.io/integrations/github\"]",
      "instances": [
        {
          "index_key": "tasks-2023/01",
          "schema_version": 0,
          "attributes": {
            "color": "c7402c",
            "description": "",
            "etag": "W/\"1a32b1622a1d4f9e8b44ad8a2e4cd2eeb72d46782204ca863fb39f12d5124d66\"",
            "id": "tasks:2023/01",
            "name": "2023/01",
            "repository": "tasks",
            "url": "https://api.github.com/repos/go-zen-chu/tasks/labels/2023/01"
          },
          "sensitive_attributes": [],
          "identity_schema_version": 0,
          "private": "bnVsbA=="
        },
        {
          "index_key": "tasks-2023/02",
          "schema_version": 0,
          "attributes": {
            "color": "5e7db9",
            "description": "",
            "etag": "W/\"a7b746a51b3b9790930da3f924e2340402b27c38b8ede4172f8e314e5990af68\"",
            "id": "tasks:2023/02",
            "name": "2023/02",
            "repository": "tasks",
            "url": "https://api.github.com/repos/go-zen-chu/tasks/labels/2023/02"
          },
          "sensitive_attributes": [],
          "identity_schema_version": 0,
          "private": "bnVsbA=="
        },
        {
          "index_key": "tasks-2023/03",
          "schema_version": 0,
          "attributes": {
            "color": "e8abb9",
            "description": "",
            "etag": "W/\"d6fde2202b6dd8226a03b9fb38ac3083dbe8bfba37a9422ebe4fe857359380de\"",
            "id": "tasks:2023/03",
            "name": "2023/03",
            "repository": "tasks",
            "url": "https://api.github.com/repos/go-zen-chu/tasks/labels/2023/03"
          },
          "sensitive_attributes": [],
          "identity_schema_version": 0,
          "private": "bnVsbA=="
        },
        {
          "index_key": "tasks-2023/04",
          "schema_version": 0,
          "attributes": {
            "color": "9ac244",
            "description": "",
            "etag": "W/\"d42836457d28715bff9a7dc9c9c4ca55e0f47f4b429a539cc20bd3b80ab16977\"",
            "id": "tasks:2023/04",
            "name": "2023/04",
            "repository": "tasks",
            "url": "https://api.github.com/repos/go-zen-chu/tasks/labels/2023/04"
          },
          "sensitive_attributes": [],
          "identity_schema_version": 0,
          "private": "bnVsbA=="
        },
        {
          "index_key": "tasks-2023/05",
          "schema_version": 0,
          "attributes": {
            "color": "49a099",
            "description": "",
            "etag": "W/\"5f5a67eb902a8c22f49b64e6b7203b25ac334903ab0a3655b69f7fffac6def28\"",
            "id": "tasks:2023/05",
            "name": "2023/05",
            "repository": "tasks",
            "url": "https://api.github.com/repos/go-zen-chu/tasks/labels/2023/05"
          },
          "sensitive_attributes": [],
          "identity_schema_version": 0,
          "private": "bnVsbA=="
        },
        {
          "index_key": "tasks-2023/06",
          "schema_version": 0,
          "attributes": {
            "color": "8e4993",
            "description": "",
            "etag": "W/\"1b78d7b4aef00ff927c3ed4664c6192813fb3846ccd64ef1b3c247827c816121\"",
            "id": "tasks:2023/06",
            "name": "2023/06",
            "repository": "tasks",
            "url": "https://api.github.com/repos/go-zen-chu/tasks/labels/2023/06"
          },
          "sensitive_attributes": [],
          "identity_schema_version": 0,
          "private": "bnVsbA=="
        },
        {
          "index_key": "tasks-2023/07",
          "schema_version": 0,
          "attributes": {
            "color": "4895d0",
            "description": "",
            "etag": "W/\"b410e00c48680af1bad4f47a2f53240f0c546a3db681fd22cc2069f809bebd8e\"",
            "id": "tasks:2023/07",
            "name": "2023/07",
            "repository": "tasks",
            "url": "https://api.github.com/repos/go-zen-chu/tasks/labels/2023/07"
          },
          "sensitive_attributes": [],
          "identity_schema_version": 0,
          "private": "bnVsbA=="
        },
        {
          "index_key": "tasks-2023/08",
          "schema_version": 0,
          "attributes": {
            "color": "d68838",
            "description": "",
            "etag": "W/\"66d7f06ed8670bfc232a489d2f54cae4a7e3abacb0417a597d467bd4a2bd2659\"",
            "id": "tasks:2023/08",
            "name": "2023/08",
            "repository": "tasks",
            "url": "https://api.github.com/repos/go-zen-chu/tasks/labels/2023/08"
          },
          "sensitive_attributes": [],
          "identity_schema_version": 0,
          "private": "bnVsbA=="
        },
        {
          "index_key": "tasks-2023/09",
          "schema_version": 0,
          "attributes": {
            "color": "3c5929",
            "description": "",
            "etag": "W/\"358ad9ddbab4ed64d642f532ad6ba654d5ea2b12a278880c95e711914db83e18\"",
            "id": "tasks:2023/09",
            "name": "2023/09",
            "repository": "tasks",
            "url": "https://api.github.com/repos/go-zen-chu/tasks/labels/2023/09"
          },
          "sensitive_attributes": [],
          "identity_schema_version": 0,
          "private": "bnVsbA=="
        },
        {
          "index_key": "tasks-2023/10",
          "schema_version": 0,
          "attributes": {
            "color": "e0b73e",
            "description": "",
            "etag": "W/\"4f1fe9983c6d359e699a9c01522bf108afc54b41fa1bb104c281914e4995eb9c\"",
            "id": "tasks:2023/10",
            "name": "2023/10",
            "repository": "tasks",
            "url": "https://api.github.com/repos/go-zen-chu/tasks/labels/2023/10"
          },
          "sensitive_attributes": [],
          "identity_schema_version": 0,
          "private": "bnVsbA=="
        },
        {
          "index_key": "tasks-2023/11",
          "schema_version": 0,
          "attributes": {
            "color": "763724",
            "description": "",
            "etag": "W/\"f4137e8e3ef15e886e59cc34dc4956cb12ad72ec35681914b2f1c2ab4a5c3d1c\"",
            "id": "tasks:2023/11",
            "name": "2023/11",
            "repository": "tasks",
            "url": "https://api.github.com/repos/go-zen-chu/tasks/labels/2023/11"
          },
          "sensitive_attributes": [],
          "identity_schema_version": 0,
          "private": "bnVsbA=="
        },
        {
          "index_key": "tasks-2023/12",
          "schema_version": 0,
          "attributes": {
            "color": "192983",
            "description": "",
            "etag": "W/\"f353daa7985e6d155ade1ab85f821d7fcb6722611ce1ba9c1ab88d913f7760ac\"",
            "id": "tasks:2023/12",
            "name": "2023/12",
            "repository": "tasks",
            "url": "https://api.github.com/repos/go-zen-chu/tasks/labels/2023/12"
          },
          "sensitive_attributes": [],
          "identity_schema_version": 0,
          "private": "bnVsbA=="
        },
        {
          "index_key": "tasks-2024/01",
          "schema_version": 0,
          "attributes": {
            "color": "c7402c",
            "description": "",
            "etag": "W/\"7c602948ab487cade1ffa0bcad9bb812fcc4894a9b4b74a6159706f638c18377\"",
            "id": "tasks:2024/01",
            "name": "2024/01",
            "repository": "tasks",
            "url": "https://api.github.com/repos/go-zen-chu/tasks/labels/2024/01"
          },
          "sensitive_attributes": [],
          "identity_schema_version": 0,
          "private": "bnVsbA=="
        },
        {
          "index_key": "tasks-2024/02",
          "schema_version": 0,
          "attributes": {
            "color": "5e7db9",
            "description": "",
            "etag": "W/\"80103454dc11132135ce879b28a859b0ff708f6299d1054343be6df11d886d42\"",
            "id": "tasks:2024/02",
            "name": "2024/02",
            "repository": "tasks",
            "url": "https://api.github.com/repos/go-zen-chu/tasks/labels/2024/02"
          },
          "sensitive_attributes": [],
          "identity_schema_version": 0,
          "private": "bnVsbA=="
        },
        {
          "index_key": "tasks-2024/03",
          "schema_version": 0,
          "attributes": {
            "color": "e8abb9",
            "description": "",
            "etag": "W/\"baa39f860b660bb1d6c91839c780a42150d1fc60fb384a009e4a9e8ce13e50a5\"",
            "id": "tasks:2024/03",
            "name": "2024/03",
            "repository": "tasks",
            "url": "https://api.github.com/repos/go-zen-chu/tasks/labels/2024/03"
          },
          "sensitive_attributes": [],
          "identity_schema_version": 0,
          "private": "bnVsbA=="
        },
        {
          "index_key": "tasks-2024/04",
          "schema_version": 0,
          "attributes": {
            "color": "9ac244",
            "description": "",
            "etag": "W/\"f356ec951d50b563f39aa20460178e85d00871bf5f6e2121bd2b433a1e43bf70\"",
            "id": "tasks:2024/04",
            "name": "2024/04",
            "repository": "tasks",
            "url": "https://api.github.com/repos/go-zen-chu/tasks/labels/2024/04"
          },
          "sensitive_attributes": [],
          "identity_schema_version": 0,
          "private": "bnVsbA=="
        },
        {
          "index_key": "tasks-2024/05",
          "schema_version": 0,
          "attributes": {
            "color": "49a099",
            "description": "",
            "etag": "W/\"56bf63e19109d6bba8d6e2c4b456b2940bec19be3d1286d0e99c22d75e8ae06f\"",
            "id": "tasks:2024/05",
            "name": "2024/05",
            "repository": "tasks",
            "url": "https://api.github.com/repos/go-zen-chu/tasks/labels/2024/05"
          },
          "sensitive_attributes": [],
          "identity_schema_version": 0,
          "private": "bnVsbA=="
        },
        {
          "index_key": "tasks-2024/06",
          "schema_version": 0,
          "attributes": {
            "color": "8e4993",
            "description": "",
            "etag": "W/\"bbcaf14872b0bb117784659496a73d15c1f1e27a13daeff30f2a83b8060490db\"",
            "id": "tasks:2024/06",
            "name": "2024/06",
            "repository": "tasks",
            "url": "https://api.github.com/repos/go-zen-chu/tasks/labels/2024/06"
          },
          "sensitive_attributes": [],
          "identity_schema_version": 0,
          "private": "bnVsbA=="
        },
        {
          "index_key": "tasks-2024/07",
          "schema_version": 0,
          "attributes": {
            "color": "4895d0",
            "description": "",
            "etag": "W/\"1c28dfa41d762d1efe90d9bc441f4fdc3d7c62f2dc653ef099c4edf19de16e16\"",
            "id": "tasks:2024/07",
            "name": "2024/07",
            "repository": "tasks",
            "url": "https://api.github.com/repos/go-zen-chu/tasks/labels/2024/07"
          },
          "sensitive_attributes": [],
          "identity_schema_version": 0,
          "private": "bnVsbA=="
        },
        {
          "index_key": "tasks-2024/08",
          "schema_version": 0,
          "attributes": {
            "color": "d68838",
            "description": "",
            "etag": "W/\"70ca621b02e421a721d1356bf7199adce7aa80817eeda50c5b20a1683df3d795\"",
            "id": "tasks:2024/08",
            "name": "2024/08",
            "repository": "tasks",
            "url": "https://api.github.com/repos/go-zen-chu/tasks/labels/2024/08"
          },
          "sensitive_attributes": [],
          "identity_schema_version": 0,
          "private": "bnVsbA=="
        },
        {
          "index_key": "tasks-2024/09",
          "schema_version": 0,
          "attributes": {
            "color": "3c5929",
            "description": "",
            "etag": "W/\"516af6d590e601fcb3a727c179a815ae71dcd85bc1321caf341aa8e801cf9ac1\"",
            "id": "tasks:2024/09",
            "name": "2024/09",
            "repository": "tasks",
            "url": "https://api.github.com/repos/go-zen-chu/tasks/labels/2024/09"
          },
          "sensitive_attributes": [],
          "identity_schema_version": 0,
          "private": "bnVsbA=="
        },
        {
          "index_key": "tasks-2024/10",
          "schema_version": 0,
          "attributes": {
            "color": "e0b73e",
            "description": "",
            "etag": "W/\"8c353cfbc459398241b2d457837349d0733676724af6d73d12803b1f367c5cda\"",
            "id": "tasks:2024/10",
            "name": "2024/10",
            "repository": "tasks",
            "url": "https://api.github.com/repos/go-zen-chu/tasks/labels/2024/10"
          },
          "sensitive_attributes": [],
          "identity_schema_version": 0,
          "private": "bnVsbA=="
        },
        {
          "index_key": "tasks-2024/11",
          "schema_version": 0,
          "attributes": {
            "color": "763724",
            "description": "",
            "etag": "W/\"3599e3675e50fa15e840a9a5573f2fcbdb71d984b81f587a10e9121f031561ff\"",
            "id": "tasks:2024/11",
            "name": "2024/11",
            "repository": "tasks",
            "url": "https://api.github.com/repos/go-zen-chu/tasks/labels/2024/11"
          },
          "sensitive_attributes": [],
          "identity_schema_version": 0,
          "private": "bnVsbA=="
        },
        {
          "index_key": "tasks-2024/12",
          "schema_version": 0,
          "attributes": {
            "color": "192983",
            "description": "",
            "etag": "W/\"9939ceb11dd091ae97642c6c4fe0c94f43fb63eb7ed480440e168d2ef5887d6e\"",
            "id": "tasks:2024/12",
            "name": "2024/12",
            "repository": "tasks",
            "url": "https://api.github.com/repos/go-zen-chu/tasks/labels/2024/12"
          },
          "sensitive_attributes": [],
          "identity_schema_version": 0,
          "private": "bnVsbA=="
        },
        {
          "index_key": "tasks-2025/01",
          "schema_version": 0,
          "attributes": {
            "color": "c7402c",
            "description": "",
            "etag": "W/\"10db61281c4ea0aef811643a64a1aca55a1ce8b61f6259f8ac85cd4d96ad3432\"",
            "id": "tasks:2025/01",
            "name": "2025/01",
            "repository": "tasks",
            "url": "https://api.github.com/repos/go-zen-chu/tasks/labels/2025/01"
          },
          "sensitive_attributes": [],
          "identity_schema_version": 0,
          "private": "bnVsbA=="
        },
        {
          "index_key": "tasks-2025/02",
          "schema_version": 0,
          "attributes": {
            "color": "5e7db9",
            "description": "",
            "etag": "W/\"f56d62c82d39479c084296bf6bfb7d23bcfa37df71aadc964491fa27efcd0016\"",
            "id": "tasks:2025/02",
            "name": "2025/02",
            "repository": "tasks",
            "url": "https://api.github.com/repos/go-zen-chu/tasks/labels/2025/02"
          },
          "sensitive_attributes": [],
          "identity_schema_version": 0,
          "private": "bnVsbA=="
        },
        {
          "index_key": "tasks-2025/03",
          "schema_version": 0,
          "attributes": {
            "color": "e8abb9",
            "description": "",
            "etag": "W/\"73e7e20374635b7e83f5546af354aec31a54476a750dff20c361ec087e36624d\"",
            "id": "tasks:2025/03",
            "name": "2025/03",
            "repository": "tasks",
            "url": "https://api.github.com/repos/go-zen-chu/tasks/labels/2025/03"
          },
          "sensitive_attributes": [],
          "identity_schema_version": 0,
          "private": "bnVsbA=="
        },
        {
          "index_key": "tasks-2025/04",
          "schema_version": 0,
          "attributes": {
            "color": "9ac244",
            "description": "",
            "etag": "W/\"f72b245c605aaa1c8c77109c15ae86b87f0a60d9c79720481ee73028f622a45f\"",
            "id": "tasks:2025/04",
            "name": "2025/04",
            "repository": "tasks",
            "url": "https://api.github.com/repos/go-zen-chu/tasks/labels/2025/04"
          },
          "sensitive_attributes": [],
          "identity_schema_version": 0,
          "private": "bnVsbA=="
        },
        {
          "index_key": "tasks-2025/05",
          "schema_version": 0,
          "attributes": {
            "color": "49a099",
            "description": "",
            "etag": "W/\"3d9732fcf9586ce72ca6f5a630bc8cb4e2a9cd8b9eb543cc9808015624d7cf61\"",
            "id": "tasks:2025/05",
            "name": "2025/05",
            "repository": "tasks",
            "url": "https://api.github.com/repos/go-zen-chu/tasks/labels/2025/05"
          },
          "sensitive_attributes": [],
          "identity_schema_version": 0,
          "private": "bnVsbA=="
        },
        {
          "index_key": "tasks-2025/06",
          "schema_version": 0,
          "attributes": {
            "color": "8e4993",
            "description": "",
            "etag": "W/\"8c649a8f3671786be8c4313b8c97e844cc51f6681c1ed53779eae8c950f78bf8\"",
            "id": "tasks:2025/06",
            "name": "2025/06",
            "repository": "tasks",
            "url": "https://api.github.com/repos/go-zen-chu/tasks/labels/2025/06"
          },
          "sensitive_attributes": [],
          "identity_schema_version": 0,
          "private": "bnVsbA=="
        },
        {
          "index_key": "tasks-2025/07",
          "schema_version": 0,
          "attributes": {
            "color": "4895d0",
            "description": "",
            "etag": "W/\"7cb5eb2df0277b68a9a35456ed08b18c4a8424152cb1ecce180dc7b92efee4d4\"",
            "id": "tasks:2025/07",
            "name": "2025/07",
            "repository": "tasks",
            "url": "https://api.github.com/repos/go-zen-chu/tasks/labels/2025/07"
          },
          "sensitive_attributes": [],
          "identity_schema_version": 0,
          "private": "bnVsbA=="
        },
        {
          "index_key": "tasks-2025/08",
          "schema_version": 0,
          "attributes": {
            "color": "d68838",
            "description": "",
            "etag": "W/\"54d058aff61511399cfa83f745d8e37bb2e74ad8ffe79e9eb249835742bdc69a\"",
            "id": "tasks:2025/08",
            "name": "2025/08",
            "repository": "tasks",
            "url": "https://api.github.com/repos/go-zen-chu/tasks/labels/2025/08"
          },
          "sensitive_attributes": [],
          "identity_schema_version": 0,
          "private": "bnVsbA=="
        },
        {
          "index_key": "tasks-2025/09",
          "schema_version": 0,
          "attributes": {
            "color": "3c5929",
            "description": "",
            "etag": "W/\"865f3f964ed4cd10fa03c533b4e5a98bc5d5dbc6eb013ad52f63870ce17d9c8c\"",
            "id": "tasks:2025/09",
            "name": "2025/09",
            "repository": "tasks",
            "url": "https://api.github.com/repos/go-zen-chu/tasks/labels/2025/09"
          },
          "sensitive_attributes": [],
          "identity_schema_version": 0,
          "private": "bnVsbA=="
        },
        {
          "index_key": "tasks-2025/10",
          "schema_version": 0,
          "attributes": {
            "color": "e0b73e",
            "description": "",
            "etag": "W/\"3757772d077e8733e1c043dc640930822b7fd4e1bf63ddc7d71c63a16da20b47\"",
            "id": "tasks:2025/10",
            "name": "2025/10",
            "repository": "tasks",
            "url": "https://api.github.com/repos/go-zen-chu/tasks/labels/2025/10"
          },
          "sensitive_attributes": [],
          "identity_schema_version": 0,
          "private": "bnVsbA=="
        },
        {
          "index_key": "tasks-2025/11",
          "schema_version": 0,
          "attributes": {
            "color": "763724",
            "description": "",
            "etag": "W/\"935a1c343954d67ffeccb9aaba46a1de467888a69240ae7df7bbd5304ee2ffae\"",
            "id": "tasks:2025/11",
            "name": "2025/11",
            "repository": "tasks",
            "url": "https://api.github.com/repos/go-zen-chu/tasks/labels/2025/11"
          },
          "sensitive_attributes": [],
          "identity_schema_version": 0,
          "private": "bnVsbA=="
        },
        {
          "index_key": "tasks-2025/12",
          "schema_version": 0,
          "attributes": {
            "color": "192983",
            "description": "",
            "etag": "W/\"2835616608526eb7346474f9ead24a28758bb0f67047a41fbd84739692ca1a6d\"",
            "id": "tasks:2025/12",
            "name": "2025/12",
            "repository": "tasks",
            "url": "https://api.github.com/repos/go-zen-chu/tasks/labels/2025/12"
          },
          "sensitive_attributes": [],
          "identity_schema_version": 0,
          "private": "bnVsbA=="
        },
        {
          "index_key": "tasks-2026/01",
          "schema_version": 0,
          "attributes": {
            "color": "c7402c",
            "description": "",
            "etag": "W/\"f755ff16d94bd571f765bf97ebd7553ce2cea08105c124cec2cb119aa0e015fb\"",
            "id": "tasks:2026/01",
            "name": "2026/01",
            "repository": "tasks",
            "url": "https://api.github.com/repos/go-zen-chu/tasks/labels/2026/01"
          },
          "sensitive_attributes": [],
          "identity_schema_version": 0,
          "private": "bnVsbA=="
        },
        {
          "index_key": "tasks-2026/02",
          "schema_version": 0,
          "attributes": {
            "color": "5e7db9",
            "description": "",
            "etag": "W/\"6573dd61f6ed1082e7d9aef20e13f8fcf2ba4a36021779dcd0d84511959a7875\"",
            "id": "tasks:2026/02",
            "name": "2026/02",
            "repository": "tasks",
            "url": "https://api.github.com/repos/go-zen-chu/tasks/labels/2026/02"
          },
          "sensitive_attributes": [],
          "identity_schema_version": 0,
          "private": "bnVsbA=="
        },
        {
          "index_key": "tasks-2026/03",
          "schema_version": 0,
          "attributes": {
            "color": "e8abb9",
            "description": "",
            "etag": "W/\"dabba28e4acf03b9f5eb84a4f0e997a559a4465cecc574afa7b5e997b5b510c6\"",
            "id": "tasks:2026/03",
            "name": "2026/03",
            "repository": "tasks",
            "url": "https://api.github.com/repos/go-zen-chu/tasks/labels/2026/03"
          },
          "sensitive_attributes": [],
          "identity_schema_version": 0,
          "private": "bnVsbA=="
        },
        {
          "index_key": "tasks-2026/04",
          "schema_version": 0,
          "attributes": {
            "color": "9ac244",
            "description": "",
            "etag": "W/\"ccc2cc64c2eb61232cafebba3ebade32395f3f292598124eb20d5e13920b10f1\"",
            "id": "tasks:2026/04",
            "name": "2026/04",
            "repository": "tasks",
            "url": "https://api.github.com/repos/go-zen-chu/tasks/labels/2026/04"
          },
          "sensitive_attributes": [],
          "identity_schema_version": 0,
          "private": "bnVsbA=="
        },
        {
          "index_key": "tasks-2026/05",
          "schema_version": 0,
          "attributes": {
            "color": "49a099",
            "description": "",
            "etag": "W/\"43d6598c3cf3e106bd12c78bdfe247c4d6237ed72de467d782eafd9ce2b7c926\"",
            "id": "tasks:2026/05",
            "name": "2026/05",
            "repository": "tasks",
            "url": "https://api.github.com/repos/go-zen-chu/tasks/labels/2026/05"
          },
          "sensitive_attributes": [],
          "identity_schema_version": 0,
          "private": "bnVsbA=="
        },
        {
          "index_key": "tasks-2026/06",
          "schema_version": 0,
          "attributes": {
            "color": "8e4993",
            "description": "",
            "etag": "W/\"374cd6491b3cc6f8390708eb7994666da880c93aee05ccf4a589dbbc75e13363\"",
            "id": "tasks:2026/06",
            "name": "2026/06",
            "repository": "tasks",
            "url": "https://api.github.com/repos/go-zen-chu/tasks/labels/2026/06"
          },
          "sensitive_attributes": [],
          "identity_schema_version": 0,
          "private": "bnVsbA=="
        },
        {
          "index_key": "tasks-2026/07",
          "schema_version": 0,
          "attributes": {
            "color": "4895d0",
            "description": "",
            "etag": "W/\"36cefd158c3239a58d9a6c86e07a3ced476c81b8ed1b9918e93ea84d9062513d\"",
            "id": "tasks:2026/07",
            "name": "2026/07",
            "repository": "tasks",
            "url": "https://api.github.com/repos/go-zen-chu/tasks/labels/2026/07"
          },
          "sensitive_attributes": [],
          "identity_schema_version": 0,
          "private": "bnVsbA=="
        },
        {
          "index_key": "tasks-2026/08",
          "schema_version": 0,
          "attributes": {
            "color": "d68838",
            "description": "",
            "etag": "W/\"cff3c5f66da3817dcb665783894e03e80845319f7b25d428ee26d0eda171b9be\"",
            "id": "tasks:2026/08",
            "name": "2026/08",
            "repository": "tasks",
            "url": "https://api.github.com/repos/go-zen-chu/tasks/labels/2026/08"
          },
          "sensitive_attributes": [],
          "identity_schema_version": 0,
          "private": "bnVsbA=="
        },
        {
          "index_key": "tasks-2026/09",
          "schema_version": 0,
          "attributes": {
            "color": "3c5929",
            "description": "",
            "etag": "W/\"51d6ead3d63b07515bdfd06351a6f91c5e81051a527afb484d8cf603fa3ab2f1\"",
            "id": "tasks:2026/09",
            "name": "2026/09",
            "repository": "tasks",
            "url": "https://api.github.com/repos/go-zen-chu/tasks/labels/2026/09"
          },
          "sensitive_attributes": [],
          "identity_schema_version": 0,
          "private": "bnVsbA=="
        },
        {
          "index_key": "tasks-2026/10",
          "schema_version": 0,
          "attributes": {
            "color": "e0b73e",
            "description": "",
            "etag": "W/\"b17e33e0ba4a9997db9314d66d58a81fccb453867cffa6b6e455d0ab87883e95\"",
            "id": "tasks:2026/10",
            "name": "2026/10",
            "repository": "tasks",
            "url": "https://api.github.com/repos/go-zen-chu/tasks/labels/2026/10"
          },
          "sensitive_attributes": [],
          "identity_schema_version": 0,
          "private": "bnVsbA=="
        },
        {
          "index_key": "tasks-2026/11",
          "schema_version": 0,
          "attributes": {
            "color": "763724",
            "description": "",
            "etag": "W/\"4c4a49958171f4b217ff123fe7011a16f0007d3679fcd5e04627be98209fef42\"",
            "id": "tasks:2026/11",
            "name": "2026/11",
            "repository": "tasks",
            "url": "https://api.github.com/repos/go-zen-chu/tasks/labels/2026/11"
          },
          "sensitive_attributes": [],
          "identity_schema_version": 0,
          "private": "bnVsbA=="
        },
        {
          "index_key": "tasks-2026/12",
          "schema_version": 0,
          "attributes": {
            "color": "192983",
            "description": "",
            "etag": "W/\"ebbf6d4dde06bb01aea309648555c6e441710d2ffc6e19fa35d980972428f2bb\"",
            "id": "tasks:2026/12",
            "name": "2026/12",
            "repository": "tasks",
            "url": "https://api.github.com/repos/go-zen-chu/tasks/labels/2026/12"
          },
          "sensitive_attributes": [],
          "identity_schema_version": 0,
          "private": "bnVsbA=="
        }
      ]
    },
    {
      "mode": "managed",
      "type": "github_repository",
      "name": "repositories",
      "provider": "provider[\"registry.terraform.io/integrations/github\"]",
      "instances": [
        {
          "index_key": "tasks",
          "schema_version": 1,
          "attributes": {
            "allow_auto_merge": false,
            "allow_merge_commit": true,
            "allow_rebase_merge": true,
            "allow_squash_merge": true,
            "allow_update_branch": false,
            "archive_on_destroy": null,
            "archived": false,
            "auto_init": false,
            "default_branch": "main",
            "delete_branch_on_merge": true,
            "description": "My private tasks",
            "etag": "W/\"98e010d24577345722e44bc2d4e17e923398eabb36ab1f73c45dcf5145a20ec5\"",
            "full_name": "go-zen-chu/tasks",
            "git_clone_url": "git://github.com/go-zen-chu/tasks.git",
            "gitignore_template": null,
            "has_discussions": false,
            "has_downloads": false,
            "has_issues": true,
            "has_projects": true,
            "has_wiki": false,
            "homepage_url": "",
            "html_url": "https://github.com/go-zen-chu/tasks",
            "http_clone_url": "https://github.com/go-zen-chu/tasks.git",
            "id": "tasks",
            "ignore_vulnerability_alerts_during_read": null,
            "is_template": false,
            "license_template": null,
            "merge_commit_message": "PR_TITLE",
            "merge_commit_title": "MERGE_MESSAGE",
            "name": "tasks",
            "node_id": "R_kgDOH7UI6Q",
            "pages": [],
            "primary_language": "",
            "private": true,
            "repo_id": 531957993,
            "security_and_analysis": [],
            "squash_merge_commit_message": "COMMIT_MESSAGES",
            "squash_merge_commit_title": "COMMIT_OR_PR_TITLE",
            "ssh_clone_url": "git@github.com:go-zen-chu/tasks.git",
            "svn_url": "https://github.com/go-zen-chu/tasks",
            "template": [],
            "topics": [],
            "visibility": "private",
            "vulnerability_alerts": true,
            "web_commit_signoff_required": false
          },
          "sensitive_attributes": [],
          "identity_schema_version": 0,
          "private": "eyJzY2hlbWFfdmVyc2lvbiI6IjEifQ=="
        }
      ]
    }
  ],
  "check_results": null
}
